Microsoft Visual Studio Solution File, Format Version 12.00
# Visual Studio 2013
VisualStudioVersion = 12.0.30501.0
MinimumVisualStudioVersion = 10.0.40219.1
Project("{FAE04EC0-301F-11D3-BF4B-00C04F79EFBC}") = "Quickblox.Sdk", "Quickblox_8.1\Quickblox.Sdk\Quickblox.Sdk.csproj", "{08FDEA8C-A156-4F7E-8B8A-31228D88B3BC}"
EndProject
Project("{FAE04EC0-301F-11D3-BF4B-00C04F79EFBC}") = "Quickblox.Sdk.Test", "Quickblox_8.1\Quickblox.Sdk.Test\Quickblox.Sdk.Test.csproj", "{0FC5EB24-64AA-464A-9940-41187CC98FCE}"
EndProject
Project("{FAE04EC0-301F-11D3-BF4B-00C04F79EFBC}") = "Quickblox.Sdk.Hmacsha", "Quickblox_8.1\Quickblox.Sdk.Hmacsha\Quickblox.Sdk.Hmacsha.csproj", "{17AA4DA9-1669-4248-A18A-A1438B8A791C}"
EndProject
Project("{FAE04EC0-301F-11D3-BF4B-00C04F79EFBC}") = "Quickblox.Sdk.Cryptographic", "Quickblox_8.1\Quickblox.Sdk.Cryptographic\Quickblox.Sdk.Cryptographic.csproj", "{B9FF8451-9750-4B80-BCF6-8D151B10486B}"
EndProject
Project("{2150E333-8FDC-42A3-9474-1A3956D46DE8}") = "QMunicate_8.1", "QMunicate_8.1", "{93024201-E145-42C3-9F07-E05DBC9500A1}"
EndProject
Project("{2150E333-8FDC-42A3-9474-1A3956D46DE8}") = "QMunicate.UI", "QMunicate.UI", "{94371C00-FF6C-4807-A314-2B0333D258A9}"
EndProject
Project("{D954291E-2A0B-460D-934E-DC6B0785DB48}") = "QMunicate.Shared", "QMunicate_8.1\QMunicate.UI\QMunicate.Shared\QMunicate.Shared.shproj", "{BA7ACFF7-A9DB-46A4-A6B8-9089128DC102}"
EndProject
Project("{FAE04EC0-301F-11D3-BF4B-00C04F79EFBC}") = "QMunicate.Windows", "QMunicate_8.1\QMunicate.UI\QMunicate.Windows\QMunicate.Windows.csproj", "{6F35BE22-0851-42C6-B3DB-5403B829D7AC}"
EndProject
Project("{FAE04EC0-301F-11D3-BF4B-00C04F79EFBC}") = "QMunicate.WindowsPhone", "QMunicate_8.1\QMunicate.UI\QMunicate.WindowsPhone\QMunicate.WindowsPhone.csproj", "{D42A6FAA-2C74-4C22-8C44-F9E29E9E3DF4}"
EndProject
Project("{FAE04EC0-301F-11D3-BF4B-00C04F79EFBC}") = "QMunicate.Core", "QMunicate_8.1\QMunicate.Core\QMunicate.Core.csproj", "{B2B5054E-5424-4424-87B7-E6177069F242}"
EndProject
Project("{2150E333-8FDC-42A3-9474-1A3956D46DE8}") = "QMunicate.Database", "QMunicate.Database", "{4E175C30-F72D-4569-BFED-397F3BE68EEF}"
EndProject
Project("{FAE04EC0-301F-11D3-BF4B-00C04F79EFBC}") = "QMunicate.WP.Database", "QMunicate_8.1\QMunicate.Database\QMunicate.WP.Database\QMunicate.WP.Database.csproj", "{8D310E26-619E-4B32-A59D-0A1A56EEDADC}"
EndProject
Project("{FAE04EC0-301F-11D3-BF4B-00C04F79EFBC}") = "QMunicate.Windows.Database", "QMunicate_8.1\QMunicate.Database\QMunicate.Windows.Database\QMunicate.Windows.Database.csproj", "{11DE446E-95E7-45D6-805F-28BD7AC00DD7}"
EndProject
Project("{D954291E-2A0B-460D-934E-DC6B0785DB48}") = "QMunicate.Shared.Database", "QMunicate_8.1\QMunicate.Database\QMunicate.Shared.Database\QMunicate.Shared.Database.shproj", "{FCDEB827-1A78-4A0F-B410-F22FA197E9E1}"
EndProject
Project("{FAE04EC0-301F-11D3-BF4B-00C04F79EFBC}") = "QMunicate.Resources", "QMunicate_8.1\QMunicate.Resources\QMunicate.Resources.csproj", "{284DB2A0-59AE-40D7-8E2C-CEC053957A34}"
EndProject
Project("{2150E333-8FDC-42A3-9474-1A3956D46DE8}") = "Quickblox_8.1", "Quickblox_8.1", "{F245F1B4-27BF-42C9-8323-82817732E496}"
EndProject
Project("{FAE04EC0-301F-11D3-BF4B-00C04F79EFBC}") = "UbietyXmpp", "Quickblox_8.1\UbietyXmpp\UbietyXmpp.csproj", "{3CE40842-E229-4ADE-BB9A-A539453ADDAD}"
EndProject
Project("{2150E333-8FDC-42A3-9474-1A3956D46DE8}") = "Quickblox.Xamarin", "Quickblox.Xamarin", "{136B0548-2308-4DB4-B557-931032A61C4C}"
EndProject
Project("{FAE04EC0-301F-11D3-BF4B-00C04F79EFBC}") = "Quickblox.Sdk.Xamarin", "Quickblox.Xamarin\Quickblox.Sdk\Quickblox.Sdk.Xamarin.csproj", "{F5C92500-D225-4473-B169-4C0749FE2A90}"
EndProject
Project("{FAE04EC0-301F-11D3-BF4B-00C04F79EFBC}") = "XamarinPortableTest", "Quickblox.Xamarin\XamarinPortableTest\XamarinPortableTest.csproj", "{E44ED153-F352-4576-85EA-D484651A2CCC}"
EndProject
Project("{FAE04EC0-301F-11D3-BF4B-00C04F79EFBC}") = "UbietyXmpp", "Quickblox.Xamarin\UbietyXmpp\UbietyXmpp.csproj", "{4121980C-B6F9-43EE-895F-FF6552574784}"
EndProject
Project("{FAE04EC0-301F-11D3-BF4B-00C04F79EFBC}") = "Quickblox.Logger", "Quickblox.Logger\Quickblox.Logger.csproj", "{BFA0A45E-35CC-4EBF-A597-51C9BD9B383E}"
EndProject
Global
	GlobalSection(SharedMSBuildProjectFiles) = preSolution
		QMunicate_8.1\QMunicate.UI\QMunicate.Shared\QMunicate.Shared.projitems*{ba7acff7-a9db-46a4-a6b8-9089128dc102}*SharedItemsImports = 13
		QMunicate_8.1\QMunicate.Database\QMunicate.Shared.Database\QMunicate.Shared.Database.projitems*{11de446e-95e7-45d6-805f-28bd7ac00dd7}*SharedItemsImports = 4
		QMunicate_8.1\QMunicate.Database\QMunicate.Shared.Database\QMunicate.Shared.Database.projitems*{8d310e26-619e-4b32-a59d-0a1a56eedadc}*SharedItemsImports = 4
		QMunicate_8.1\QMunicate.UI\QMunicate.Shared\QMunicate.Shared.projitems*{d42a6faa-2c74-4c22-8c44-f9e29e9e3df4}*SharedItemsImports = 4
		QMunicate_8.1\QMunicate.Database\QMunicate.Shared.Database\QMunicate.Shared.Database.projitems*{fcdeb827-1a78-4a0f-b410-f22fa197e9e1}*SharedItemsImports = 13
		QMunicate_8.1\QMunicate.UI\QMunicate.Shared\QMunicate.Shared.projitems*{6f35be22-0851-42c6-b3db-5403b829d7ac}*SharedItemsImports = 4
	EndGlobalSection
	GlobalSection(SolutionConfigurationPlatforms) = preSolution
		Debug|Any CPU = Debug|Any CPU
		Debug|ARM = Debug|ARM
		Debug|Mixed Platforms = Debug|Mixed Platforms
		Debug|x64 = Debug|x64
		Debug|x86 = Debug|x86
		Release|Any CPU = Release|Any CPU
		Release|ARM = Release|ARM
		Release|Mixed Platforms = Release|Mixed Platforms
		Release|x64 = Release|x64
		Release|x86 = Release|x86
		TestRelease|Any CPU = TestRelease|Any CPU
		TestRelease|ARM = TestRelease|ARM
		TestRelease|Mixed Platforms = TestRelease|Mixed Platforms
		TestRelease|x64 = TestRelease|x64
		TestRelease|x86 = TestRelease|x86
	EndGlobalSection
	GlobalSection(ProjectConfigurationPlatforms) = postSolution
		{08FDEA8C-A156-4F7E-8B8A-31228D88B3BC}.Debug|Any CPU.ActiveCfg = Debug|Any CPU
		{08FDEA8C-A156-4F7E-8B8A-31228D88B3BC}.Debug|Any CPU.Build.0 = Debug|Any CPU
		{08FDEA8C-A156-4F7E-8B8A-31228D88B3BC}.Debug|ARM.ActiveCfg = Debug|Any CPU
		{08FDEA8C-A156-4F7E-8B8A-31228D88B3BC}.Debug|ARM.Build.0 = Debug|Any CPU
		{08FDEA8C-A156-4F7E-8B8A-31228D88B3BC}.Debug|Mixed Platforms.ActiveCfg = Debug|Any CPU
		{08FDEA8C-A156-4F7E-8B8A-31228D88B3BC}.Debug|Mixed Platforms.Build.0 = Debug|Any CPU
		{08FDEA8C-A156-4F7E-8B8A-31228D88B3BC}.Debug|x64.ActiveCfg = Debug|Any CPU
		{08FDEA8C-A156-4F7E-8B8A-31228D88B3BC}.Debug|x64.Build.0 = Debug|Any CPU
		{08FDEA8C-A156-4F7E-8B8A-31228D88B3BC}.Debug|x86.ActiveCfg = Debug|Any CPU
		{08FDEA8C-A156-4F7E-8B8A-31228D88B3BC}.Debug|x86.Build.0 = Debug|Any CPU
		{08FDEA8C-A156-4F7E-8B8A-31228D88B3BC}.Release|Any CPU.ActiveCfg = Release|Any CPU
		{08FDEA8C-A156-4F7E-8B8A-31228D88B3BC}.Release|Any CPU.Build.0 = Release|Any CPU
		{08FDEA8C-A156-4F7E-8B8A-31228D88B3BC}.Release|ARM.ActiveCfg = Release|Any CPU
		{08FDEA8C-A156-4F7E-8B8A-31228D88B3BC}.Release|ARM.Build.0 = Release|Any CPU
		{08FDEA8C-A156-4F7E-8B8A-31228D88B3BC}.Release|Mixed Platforms.ActiveCfg = Release|Any CPU
		{08FDEA8C-A156-4F7E-8B8A-31228D88B3BC}.Release|Mixed Platforms.Build.0 = Release|Any CPU
		{08FDEA8C-A156-4F7E-8B8A-31228D88B3BC}.Release|x64.ActiveCfg = Release|Any CPU
		{08FDEA8C-A156-4F7E-8B8A-31228D88B3BC}.Release|x64.Build.0 = Release|Any CPU
		{08FDEA8C-A156-4F7E-8B8A-31228D88B3BC}.Release|x86.ActiveCfg = Release|Any CPU
		{08FDEA8C-A156-4F7E-8B8A-31228D88B3BC}.Release|x86.Build.0 = Release|Any CPU
		{08FDEA8C-A156-4F7E-8B8A-31228D88B3BC}.TestRelease|Any CPU.ActiveCfg = TestRelease|Any CPU
		{08FDEA8C-A156-4F7E-8B8A-31228D88B3BC}.TestRelease|Any CPU.Build.0 = TestRelease|Any CPU
		{08FDEA8C-A156-4F7E-8B8A-31228D88B3BC}.TestRelease|ARM.ActiveCfg = TestRelease|Any CPU
		{08FDEA8C-A156-4F7E-8B8A-31228D88B3BC}.TestRelease|ARM.Build.0 = TestRelease|Any CPU
		{08FDEA8C-A156-4F7E-8B8A-31228D88B3BC}.TestRelease|Mixed Platforms.ActiveCfg = TestRelease|Any CPU
		{08FDEA8C-A156-4F7E-8B8A-31228D88B3BC}.TestRelease|Mixed Platforms.Build.0 = TestRelease|Any CPU
		{08FDEA8C-A156-4F7E-8B8A-31228D88B3BC}.TestRelease|x64.ActiveCfg = TestRelease|Any CPU
		{08FDEA8C-A156-4F7E-8B8A-31228D88B3BC}.TestRelease|x86.ActiveCfg = TestRelease|Any CPU
		{0FC5EB24-64AA-464A-9940-41187CC98FCE}.Debug|Any CPU.ActiveCfg = Debug|Any CPU
		{0FC5EB24-64AA-464A-9940-41187CC98FCE}.Debug|ARM.ActiveCfg = Debug|ARM
		{0FC5EB24-64AA-464A-9940-41187CC98FCE}.Debug|ARM.Build.0 = Debug|ARM
		{0FC5EB24-64AA-464A-9940-41187CC98FCE}.Debug|ARM.Deploy.0 = Debug|ARM
		{0FC5EB24-64AA-464A-9940-41187CC98FCE}.Debug|Mixed Platforms.ActiveCfg = Debug|x86
		{0FC5EB24-64AA-464A-9940-41187CC98FCE}.Debug|Mixed Platforms.Build.0 = Debug|x86
		{0FC5EB24-64AA-464A-9940-41187CC98FCE}.Debug|Mixed Platforms.Deploy.0 = Debug|x86
		{0FC5EB24-64AA-464A-9940-41187CC98FCE}.Debug|x64.ActiveCfg = Debug|x64
		{0FC5EB24-64AA-464A-9940-41187CC98FCE}.Debug|x64.Build.0 = Debug|x64
		{0FC5EB24-64AA-464A-9940-41187CC98FCE}.Debug|x64.Deploy.0 = Debug|x64
		{0FC5EB24-64AA-464A-9940-41187CC98FCE}.Debug|x86.ActiveCfg = Debug|x86
		{0FC5EB24-64AA-464A-9940-41187CC98FCE}.Debug|x86.Build.0 = Debug|x86
		{0FC5EB24-64AA-464A-9940-41187CC98FCE}.Debug|x86.Deploy.0 = Debug|x86
		{0FC5EB24-64AA-464A-9940-41187CC98FCE}.Release|Any CPU.ActiveCfg = Release|Any CPU
		{0FC5EB24-64AA-464A-9940-41187CC98FCE}.Release|ARM.ActiveCfg = Release|ARM
		{0FC5EB24-64AA-464A-9940-41187CC98FCE}.Release|ARM.Build.0 = Release|ARM
		{0FC5EB24-64AA-464A-9940-41187CC98FCE}.Release|ARM.Deploy.0 = Release|ARM
		{0FC5EB24-64AA-464A-9940-41187CC98FCE}.Release|Mixed Platforms.ActiveCfg = Release|x86
		{0FC5EB24-64AA-464A-9940-41187CC98FCE}.Release|Mixed Platforms.Build.0 = Release|x86
		{0FC5EB24-64AA-464A-9940-41187CC98FCE}.Release|Mixed Platforms.Deploy.0 = Release|x86
		{0FC5EB24-64AA-464A-9940-41187CC98FCE}.Release|x64.ActiveCfg = Release|x64
		{0FC5EB24-64AA-464A-9940-41187CC98FCE}.Release|x64.Build.0 = Release|x64
		{0FC5EB24-64AA-464A-9940-41187CC98FCE}.Release|x64.Deploy.0 = Release|x64
		{0FC5EB24-64AA-464A-9940-41187CC98FCE}.Release|x86.ActiveCfg = Release|x86
		{0FC5EB24-64AA-464A-9940-41187CC98FCE}.Release|x86.Build.0 = Release|x86
		{0FC5EB24-64AA-464A-9940-41187CC98FCE}.Release|x86.Deploy.0 = Release|x86
		{0FC5EB24-64AA-464A-9940-41187CC98FCE}.TestRelease|Any CPU.ActiveCfg = TestRelease|Any CPU
		{0FC5EB24-64AA-464A-9940-41187CC98FCE}.TestRelease|Any CPU.Build.0 = TestRelease|Any CPU
		{0FC5EB24-64AA-464A-9940-41187CC98FCE}.TestRelease|Any CPU.Deploy.0 = TestRelease|Any CPU
		{0FC5EB24-64AA-464A-9940-41187CC98FCE}.TestRelease|ARM.ActiveCfg = TestRelease|ARM
		{0FC5EB24-64AA-464A-9940-41187CC98FCE}.TestRelease|ARM.Build.0 = TestRelease|ARM
		{0FC5EB24-64AA-464A-9940-41187CC98FCE}.TestRelease|ARM.Deploy.0 = TestRelease|ARM
		{0FC5EB24-64AA-464A-9940-41187CC98FCE}.TestRelease|Mixed Platforms.ActiveCfg = TestRelease|x86
		{0FC5EB24-64AA-464A-9940-41187CC98FCE}.TestRelease|Mixed Platforms.Build.0 = TestRelease|x86
		{0FC5EB24-64AA-464A-9940-41187CC98FCE}.TestRelease|Mixed Platforms.Deploy.0 = TestRelease|x86
		{0FC5EB24-64AA-464A-9940-41187CC98FCE}.TestRelease|x64.ActiveCfg = TestRelease|x64
		{0FC5EB24-64AA-464A-9940-41187CC98FCE}.TestRelease|x64.Build.0 = TestRelease|x64
		{0FC5EB24-64AA-464A-9940-41187CC98FCE}.TestRelease|x64.Deploy.0 = TestRelease|x64
		{0FC5EB24-64AA-464A-9940-41187CC98FCE}.TestRelease|x86.ActiveCfg = TestRelease|x86
		{0FC5EB24-64AA-464A-9940-41187CC98FCE}.TestRelease|x86.Build.0 = TestRelease|x86
		{0FC5EB24-64AA-464A-9940-41187CC98FCE}.TestRelease|x86.Deploy.0 = TestRelease|x86
		{17AA4DA9-1669-4248-A18A-A1438B8A791C}.Debug|Any CPU.ActiveCfg = Debug|Any CPU
		{17AA4DA9-1669-4248-A18A-A1438B8A791C}.Debug|Any CPU.Build.0 = Debug|Any CPU
		{17AA4DA9-1669-4248-A18A-A1438B8A791C}.Debug|ARM.ActiveCfg = Debug|Any CPU
		{17AA4DA9-1669-4248-A18A-A1438B8A791C}.Debug|ARM.Build.0 = Debug|Any CPU
		{17AA4DA9-1669-4248-A18A-A1438B8A791C}.Debug|Mixed Platforms.ActiveCfg = Debug|Any CPU
		{17AA4DA9-1669-4248-A18A-A1438B8A791C}.Debug|Mixed Platforms.Build.0 = Debug|Any CPU
		{17AA4DA9-1669-4248-A18A-A1438B8A791C}.Debug|x64.ActiveCfg = Debug|Any CPU
		{17AA4DA9-1669-4248-A18A-A1438B8A791C}.Debug|x64.Build.0 = Debug|Any CPU
		{17AA4DA9-1669-4248-A18A-A1438B8A791C}.Debug|x86.ActiveCfg = Debug|Any CPU
		{17AA4DA9-1669-4248-A18A-A1438B8A791C}.Debug|x86.Build.0 = Debug|Any CPU
		{17AA4DA9-1669-4248-A18A-A1438B8A791C}.Release|Any CPU.ActiveCfg = Release|Any CPU
		{17AA4DA9-1669-4248-A18A-A1438B8A791C}.Release|Any CPU.Build.0 = Release|Any CPU
		{17AA4DA9-1669-4248-A18A-A1438B8A791C}.Release|ARM.ActiveCfg = Release|Any CPU
		{17AA4DA9-1669-4248-A18A-A1438B8A791C}.Release|ARM.Build.0 = Release|Any CPU
		{17AA4DA9-1669-4248-A18A-A1438B8A791C}.Release|Mixed Platforms.ActiveCfg = Release|Any CPU
		{17AA4DA9-1669-4248-A18A-A1438B8A791C}.Release|Mixed Platforms.Build.0 = Release|Any CPU
		{17AA4DA9-1669-4248-A18A-A1438B8A791C}.Release|x64.ActiveCfg = Release|Any CPU
		{17AA4DA9-1669-4248-A18A-A1438B8A791C}.Release|x64.Build.0 = Release|Any CPU
		{17AA4DA9-1669-4248-A18A-A1438B8A791C}.Release|x86.ActiveCfg = Release|Any CPU
		{17AA4DA9-1669-4248-A18A-A1438B8A791C}.Release|x86.Build.0 = Release|Any CPU
		{17AA4DA9-1669-4248-A18A-A1438B8A791C}.TestRelease|Any CPU.ActiveCfg = TestRelease|Any CPU
		{17AA4DA9-1669-4248-A18A-A1438B8A791C}.TestRelease|Any CPU.Build.0 = TestRelease|Any CPU
		{17AA4DA9-1669-4248-A18A-A1438B8A791C}.TestRelease|ARM.ActiveCfg = TestRelease|Any CPU
		{17AA4DA9-1669-4248-A18A-A1438B8A791C}.TestRelease|ARM.Build.0 = TestRelease|Any CPU
		{17AA4DA9-1669-4248-A18A-A1438B8A791C}.TestRelease|Mixed Platforms.ActiveCfg = TestRelease|Any CPU
		{17AA4DA9-1669-4248-A18A-A1438B8A791C}.TestRelease|Mixed Platforms.Build.0 = TestRelease|Any CPU
		{17AA4DA9-1669-4248-A18A-A1438B8A791C}.TestRelease|x64.ActiveCfg = TestRelease|Any CPU
		{17AA4DA9-1669-4248-A18A-A1438B8A791C}.TestRelease|x86.ActiveCfg = TestRelease|Any CPU
		{B9FF8451-9750-4B80-BCF6-8D151B10486B}.Debug|Any CPU.ActiveCfg = Debug|Any CPU
		{B9FF8451-9750-4B80-BCF6-8D151B10486B}.Debug|Any CPU.Build.0 = Debug|Any CPU
		{B9FF8451-9750-4B80-BCF6-8D151B10486B}.Debug|ARM.ActiveCfg = Debug|Any CPU
		{B9FF8451-9750-4B80-BCF6-8D151B10486B}.Debug|ARM.Build.0 = Debug|Any CPU
		{B9FF8451-9750-4B80-BCF6-8D151B10486B}.Debug|Mixed Platforms.ActiveCfg = Debug|Any CPU
		{B9FF8451-9750-4B80-BCF6-8D151B10486B}.Debug|Mixed Platforms.Build.0 = Debug|Any CPU
		{B9FF8451-9750-4B80-BCF6-8D151B10486B}.Debug|x64.ActiveCfg = Debug|Any CPU
		{B9FF8451-9750-4B80-BCF6-8D151B10486B}.Debug|x64.Build.0 = Debug|Any CPU
		{B9FF8451-9750-4B80-BCF6-8D151B10486B}.Debug|x86.ActiveCfg = Debug|Any CPU
		{B9FF8451-9750-4B80-BCF6-8D151B10486B}.Debug|x86.Build.0 = Debug|Any CPU
		{B9FF8451-9750-4B80-BCF6-8D151B10486B}.Release|Any CPU.ActiveCfg = Release|Any CPU
		{B9FF8451-9750-4B80-BCF6-8D151B10486B}.Release|Any CPU.Build.0 = Release|Any CPU
		{B9FF8451-9750-4B80-BCF6-8D151B10486B}.Release|ARM.ActiveCfg = Release|Any CPU
		{B9FF8451-9750-4B80-BCF6-8D151B10486B}.Release|ARM.Build.0 = Release|Any CPU
		{B9FF8451-9750-4B80-BCF6-8D151B10486B}.Release|Mixed Platforms.ActiveCfg = Release|Any CPU
		{B9FF8451-9750-4B80-BCF6-8D151B10486B}.Release|Mixed Platforms.Build.0 = Release|Any CPU
		{B9FF8451-9750-4B80-BCF6-8D151B10486B}.Release|x64.ActiveCfg = Release|Any CPU
		{B9FF8451-9750-4B80-BCF6-8D151B10486B}.Release|x64.Build.0 = Release|Any CPU
		{B9FF8451-9750-4B80-BCF6-8D151B10486B}.Release|x86.ActiveCfg = Release|Any CPU
		{B9FF8451-9750-4B80-BCF6-8D151B10486B}.Release|x86.Build.0 = Release|Any CPU
		{B9FF8451-9750-4B80-BCF6-8D151B10486B}.TestRelease|Any CPU.ActiveCfg = TestRelease|Any CPU
		{B9FF8451-9750-4B80-BCF6-8D151B10486B}.TestRelease|Any CPU.Build.0 = TestRelease|Any CPU
		{B9FF8451-9750-4B80-BCF6-8D151B10486B}.TestRelease|ARM.ActiveCfg = TestRelease|Any CPU
		{B9FF8451-9750-4B80-BCF6-8D151B10486B}.TestRelease|ARM.Build.0 = TestRelease|Any CPU
		{B9FF8451-9750-4B80-BCF6-8D151B10486B}.TestRelease|Mixed Platforms.ActiveCfg = TestRelease|Any CPU
		{B9FF8451-9750-4B80-BCF6-8D151B10486B}.TestRelease|Mixed Platforms.Build.0 = TestRelease|Any CPU
		{B9FF8451-9750-4B80-BCF6-8D151B10486B}.TestRelease|x64.ActiveCfg = TestRelease|Any CPU
		{B9FF8451-9750-4B80-BCF6-8D151B10486B}.TestRelease|x86.ActiveCfg = TestRelease|Any CPU
		{6F35BE22-0851-42C6-B3DB-5403B829D7AC}.Debug|Any CPU.ActiveCfg = Debug|Any CPU
		{6F35BE22-0851-42C6-B3DB-5403B829D7AC}.Debug|ARM.ActiveCfg = Debug|ARM
		{6F35BE22-0851-42C6-B3DB-5403B829D7AC}.Debug|ARM.Deploy.0 = Debug|ARM
		{6F35BE22-0851-42C6-B3DB-5403B829D7AC}.Debug|Mixed Platforms.ActiveCfg = Debug|x86
		{6F35BE22-0851-42C6-B3DB-5403B829D7AC}.Debug|Mixed Platforms.Build.0 = Debug|x86
		{6F35BE22-0851-42C6-B3DB-5403B829D7AC}.Debug|Mixed Platforms.Deploy.0 = Debug|x86
		{6F35BE22-0851-42C6-B3DB-5403B829D7AC}.Debug|x64.ActiveCfg = Debug|x64
		{6F35BE22-0851-42C6-B3DB-5403B829D7AC}.Debug|x64.Build.0 = Debug|x64
		{6F35BE22-0851-42C6-B3DB-5403B829D7AC}.Debug|x64.Deploy.0 = Debug|x64
		{6F35BE22-0851-42C6-B3DB-5403B829D7AC}.Debug|x86.ActiveCfg = Debug|x86
		{6F35BE22-0851-42C6-B3DB-5403B829D7AC}.Debug|x86.Deploy.0 = Debug|x86
		{6F35BE22-0851-42C6-B3DB-5403B829D7AC}.Release|Any CPU.ActiveCfg = Release|Any CPU
		{6F35BE22-0851-42C6-B3DB-5403B829D7AC}.Release|ARM.ActiveCfg = Release|ARM
		{6F35BE22-0851-42C6-B3DB-5403B829D7AC}.Release|ARM.Build.0 = Release|ARM
		{6F35BE22-0851-42C6-B3DB-5403B829D7AC}.Release|ARM.Deploy.0 = Release|ARM
		{6F35BE22-0851-42C6-B3DB-5403B829D7AC}.Release|Mixed Platforms.ActiveCfg = Release|x86
		{6F35BE22-0851-42C6-B3DB-5403B829D7AC}.Release|Mixed Platforms.Build.0 = Release|x86
		{6F35BE22-0851-42C6-B3DB-5403B829D7AC}.Release|Mixed Platforms.Deploy.0 = Release|x86
		{6F35BE22-0851-42C6-B3DB-5403B829D7AC}.Release|x64.ActiveCfg = Release|x64
		{6F35BE22-0851-42C6-B3DB-5403B829D7AC}.Release|x64.Build.0 = Release|x64
		{6F35BE22-0851-42C6-B3DB-5403B829D7AC}.Release|x64.Deploy.0 = Release|x64
		{6F35BE22-0851-42C6-B3DB-5403B829D7AC}.Release|x86.ActiveCfg = Release|x86
		{6F35BE22-0851-42C6-B3DB-5403B829D7AC}.Release|x86.Build.0 = Release|x86
		{6F35BE22-0851-42C6-B3DB-5403B829D7AC}.Release|x86.Deploy.0 = Release|x86
		{6F35BE22-0851-42C6-B3DB-5403B829D7AC}.TestRelease|Any CPU.ActiveCfg = TestRelease|Any CPU
		{6F35BE22-0851-42C6-B3DB-5403B829D7AC}.TestRelease|Any CPU.Build.0 = TestRelease|Any CPU
		{6F35BE22-0851-42C6-B3DB-5403B829D7AC}.TestRelease|Any CPU.Deploy.0 = TestRelease|Any CPU
		{6F35BE22-0851-42C6-B3DB-5403B829D7AC}.TestRelease|ARM.ActiveCfg = TestRelease|ARM
		{6F35BE22-0851-42C6-B3DB-5403B829D7AC}.TestRelease|Mixed Platforms.ActiveCfg = TestRelease|x86
		{6F35BE22-0851-42C6-B3DB-5403B829D7AC}.TestRelease|Mixed Platforms.Build.0 = TestRelease|x86
		{6F35BE22-0851-42C6-B3DB-5403B829D7AC}.TestRelease|Mixed Platforms.Deploy.0 = TestRelease|x86
		{6F35BE22-0851-42C6-B3DB-5403B829D7AC}.TestRelease|x64.ActiveCfg = TestRelease|x64
		{6F35BE22-0851-42C6-B3DB-5403B829D7AC}.TestRelease|x64.Build.0 = TestRelease|x64
		{6F35BE22-0851-42C6-B3DB-5403B829D7AC}.TestRelease|x64.Deploy.0 = TestRelease|x64
		{6F35BE22-0851-42C6-B3DB-5403B829D7AC}.TestRelease|x86.ActiveCfg = TestRelease|x86
		{6F35BE22-0851-42C6-B3DB-5403B829D7AC}.TestRelease|x86.Build.0 = TestRelease|x86
		{6F35BE22-0851-42C6-B3DB-5403B829D7AC}.TestRelease|x86.Deploy.0 = TestRelease|x86
		{D42A6FAA-2C74-4C22-8C44-F9E29E9E3DF4}.Debug|Any CPU.ActiveCfg = Debug|Any CPU
		{D42A6FAA-2C74-4C22-8C44-F9E29E9E3DF4}.Debug|Any CPU.Build.0 = Debug|Any CPU
		{D42A6FAA-2C74-4C22-8C44-F9E29E9E3DF4}.Debug|Any CPU.Deploy.0 = Debug|Any CPU
		{D42A6FAA-2C74-4C22-8C44-F9E29E9E3DF4}.Debug|ARM.ActiveCfg = Debug|ARM
		{D42A6FAA-2C74-4C22-8C44-F9E29E9E3DF4}.Debug|ARM.Build.0 = Debug|ARM
		{D42A6FAA-2C74-4C22-8C44-F9E29E9E3DF4}.Debug|ARM.Deploy.0 = Debug|ARM
		{D42A6FAA-2C74-4C22-8C44-F9E29E9E3DF4}.Debug|Mixed Platforms.ActiveCfg = Debug|x86
		{D42A6FAA-2C74-4C22-8C44-F9E29E9E3DF4}.Debug|Mixed Platforms.Build.0 = Debug|x86
		{D42A6FAA-2C74-4C22-8C44-F9E29E9E3DF4}.Debug|Mixed Platforms.Deploy.0 = Debug|x86
		{D42A6FAA-2C74-4C22-8C44-F9E29E9E3DF4}.Debug|x64.ActiveCfg = Debug|Any CPU
		{D42A6FAA-2C74-4C22-8C44-F9E29E9E3DF4}.Debug|x64.Build.0 = Debug|Any CPU
		{D42A6FAA-2C74-4C22-8C44-F9E29E9E3DF4}.Debug|x64.Deploy.0 = Debug|Any CPU
		{D42A6FAA-2C74-4C22-8C44-F9E29E9E3DF4}.Debug|x86.ActiveCfg = Debug|x86
		{D42A6FAA-2C74-4C22-8C44-F9E29E9E3DF4}.Debug|x86.Build.0 = Debug|x86
		{D42A6FAA-2C74-4C22-8C44-F9E29E9E3DF4}.Debug|x86.Deploy.0 = Debug|x86
		{D42A6FAA-2C74-4C22-8C44-F9E29E9E3DF4}.Release|Any CPU.ActiveCfg = Release|Any CPU
		{D42A6FAA-2C74-4C22-8C44-F9E29E9E3DF4}.Release|Any CPU.Build.0 = Release|Any CPU
		{D42A6FAA-2C74-4C22-8C44-F9E29E9E3DF4}.Release|Any CPU.Deploy.0 = Release|Any CPU
		{D42A6FAA-2C74-4C22-8C44-F9E29E9E3DF4}.Release|ARM.ActiveCfg = Release|ARM
		{D42A6FAA-2C74-4C22-8C44-F9E29E9E3DF4}.Release|ARM.Build.0 = Release|ARM
		{D42A6FAA-2C74-4C22-8C44-F9E29E9E3DF4}.Release|ARM.Deploy.0 = Release|ARM
		{D42A6FAA-2C74-4C22-8C44-F9E29E9E3DF4}.Release|Mixed Platforms.ActiveCfg = Release|x86
		{D42A6FAA-2C74-4C22-8C44-F9E29E9E3DF4}.Release|Mixed Platforms.Build.0 = Release|x86
		{D42A6FAA-2C74-4C22-8C44-F9E29E9E3DF4}.Release|Mixed Platforms.Deploy.0 = Release|x86
		{D42A6FAA-2C74-4C22-8C44-F9E29E9E3DF4}.Release|x64.ActiveCfg = Release|Any CPU
		{D42A6FAA-2C74-4C22-8C44-F9E29E9E3DF4}.Release|x64.Build.0 = Release|Any CPU
		{D42A6FAA-2C74-4C22-8C44-F9E29E9E3DF4}.Release|x64.Deploy.0 = Release|Any CPU
		{D42A6FAA-2C74-4C22-8C44-F9E29E9E3DF4}.Release|x86.ActiveCfg = Release|x86
		{D42A6FAA-2C74-4C22-8C44-F9E29E9E3DF4}.Release|x86.Build.0 = Release|x86
		{D42A6FAA-2C74-4C22-8C44-F9E29E9E3DF4}.Release|x86.Deploy.0 = Release|x86
		{D42A6FAA-2C74-4C22-8C44-F9E29E9E3DF4}.TestRelease|Any CPU.ActiveCfg = TestRelease|Any CPU
		{D42A6FAA-2C74-4C22-8C44-F9E29E9E3DF4}.TestRelease|Any CPU.Build.0 = TestRelease|Any CPU
		{D42A6FAA-2C74-4C22-8C44-F9E29E9E3DF4}.TestRelease|Any CPU.Deploy.0 = TestRelease|Any CPU
		{D42A6FAA-2C74-4C22-8C44-F9E29E9E3DF4}.TestRelease|ARM.ActiveCfg = TestRelease|ARM
		{D42A6FAA-2C74-4C22-8C44-F9E29E9E3DF4}.TestRelease|ARM.Build.0 = TestRelease|ARM
		{D42A6FAA-2C74-4C22-8C44-F9E29E9E3DF4}.TestRelease|ARM.Deploy.0 = TestRelease|ARM
		{D42A6FAA-2C74-4C22-8C44-F9E29E9E3DF4}.TestRelease|Mixed Platforms.ActiveCfg = TestRelease|x86
		{D42A6FAA-2C74-4C22-8C44-F9E29E9E3DF4}.TestRelease|Mixed Platforms.Build.0 = TestRelease|x86
		{D42A6FAA-2C74-4C22-8C44-F9E29E9E3DF4}.TestRelease|Mixed Platforms.Deploy.0 = TestRelease|x86
		{D42A6FAA-2C74-4C22-8C44-F9E29E9E3DF4}.TestRelease|x64.ActiveCfg = TestRelease|Any CPU
		{D42A6FAA-2C74-4C22-8C44-F9E29E9E3DF4}.TestRelease|x86.ActiveCfg = TestRelease|x86
		{D42A6FAA-2C74-4C22-8C44-F9E29E9E3DF4}.TestRelease|x86.Build.0 = TestRelease|x86
		{D42A6FAA-2C74-4C22-8C44-F9E29E9E3DF4}.TestRelease|x86.Deploy.0 = TestRelease|x86
		{B2B5054E-5424-4424-87B7-E6177069F242}.Debug|Any CPU.ActiveCfg = Debug|Any CPU
		{B2B5054E-5424-4424-87B7-E6177069F242}.Debug|Any CPU.Build.0 = Debug|Any CPU
		{B2B5054E-5424-4424-87B7-E6177069F242}.Debug|ARM.ActiveCfg = Debug|Any CPU
		{B2B5054E-5424-4424-87B7-E6177069F242}.Debug|ARM.Build.0 = Debug|Any CPU
		{B2B5054E-5424-4424-87B7-E6177069F242}.Debug|Mixed Platforms.ActiveCfg = Debug|Any CPU
		{B2B5054E-5424-4424-87B7-E6177069F242}.Debug|Mixed Platforms.Build.0 = Debug|Any CPU
		{B2B5054E-5424-4424-87B7-E6177069F242}.Debug|x64.ActiveCfg = Debug|Any CPU
		{B2B5054E-5424-4424-87B7-E6177069F242}.Debug|x64.Build.0 = Debug|Any CPU
		{B2B5054E-5424-4424-87B7-E6177069F242}.Debug|x86.ActiveCfg = Debug|Any CPU
		{B2B5054E-5424-4424-87B7-E6177069F242}.Debug|x86.Build.0 = Debug|Any CPU
		{B2B5054E-5424-4424-87B7-E6177069F242}.Release|Any CPU.ActiveCfg = Release|Any CPU
		{B2B5054E-5424-4424-87B7-E6177069F242}.Release|Any CPU.Build.0 = Release|Any CPU
		{B2B5054E-5424-4424-87B7-E6177069F242}.Release|ARM.ActiveCfg = Release|Any CPU
		{B2B5054E-5424-4424-87B7-E6177069F242}.Release|ARM.Build.0 = Release|Any CPU
		{B2B5054E-5424-4424-87B7-E6177069F242}.Release|Mixed Platforms.ActiveCfg = Release|Any CPU
		{B2B5054E-5424-4424-87B7-E6177069F242}.Release|Mixed Platforms.Build.0 = Release|Any CPU
		{B2B5054E-5424-4424-87B7-E6177069F242}.Release|x64.ActiveCfg = Release|Any CPU
		{B2B5054E-5424-4424-87B7-E6177069F242}.Release|x64.Build.0 = Release|Any CPU
		{B2B5054E-5424-4424-87B7-E6177069F242}.Release|x86.ActiveCfg = Release|Any CPU
		{B2B5054E-5424-4424-87B7-E6177069F242}.Release|x86.Build.0 = Release|Any CPU
		{B2B5054E-5424-4424-87B7-E6177069F242}.TestRelease|Any CPU.ActiveCfg = TestRelease|Any CPU
		{B2B5054E-5424-4424-87B7-E6177069F242}.TestRelease|Any CPU.Build.0 = TestRelease|Any CPU
		{B2B5054E-5424-4424-87B7-E6177069F242}.TestRelease|ARM.ActiveCfg = TestRelease|Any CPU
		{B2B5054E-5424-4424-87B7-E6177069F242}.TestRelease|ARM.Build.0 = TestRelease|Any CPU
		{B2B5054E-5424-4424-87B7-E6177069F242}.TestRelease|Mixed Platforms.ActiveCfg = TestRelease|Any CPU
		{B2B5054E-5424-4424-87B7-E6177069F242}.TestRelease|Mixed Platforms.Build.0 = TestRelease|Any CPU
		{B2B5054E-5424-4424-87B7-E6177069F242}.TestRelease|x64.ActiveCfg = TestRelease|Any CPU
		{B2B5054E-5424-4424-87B7-E6177069F242}.TestRelease|x86.ActiveCfg = TestRelease|Any CPU
		{8D310E26-619E-4B32-A59D-0A1A56EEDADC}.Debug|Any CPU.ActiveCfg = Debug|ARM
		{8D310E26-619E-4B32-A59D-0A1A56EEDADC}.Debug|Any CPU.Build.0 = Debug|ARM
		{8D310E26-619E-4B32-A59D-0A1A56EEDADC}.Debug|ARM.ActiveCfg = Debug|ARM
		{8D310E26-619E-4B32-A59D-0A1A56EEDADC}.Debug|ARM.Build.0 = Debug|ARM
		{8D310E26-619E-4B32-A59D-0A1A56EEDADC}.Debug|Mixed Platforms.ActiveCfg = Debug|x86
		{8D310E26-619E-4B32-A59D-0A1A56EEDADC}.Debug|Mixed Platforms.Build.0 = Debug|x86
		{8D310E26-619E-4B32-A59D-0A1A56EEDADC}.Debug|x64.ActiveCfg = Debug|x64
		{8D310E26-619E-4B32-A59D-0A1A56EEDADC}.Debug|x64.Build.0 = Debug|x64
		{8D310E26-619E-4B32-A59D-0A1A56EEDADC}.Debug|x86.ActiveCfg = Debug|x86
		{8D310E26-619E-4B32-A59D-0A1A56EEDADC}.Debug|x86.Build.0 = Debug|x86
		{8D310E26-619E-4B32-A59D-0A1A56EEDADC}.Release|Any CPU.ActiveCfg = Release|ARM
		{8D310E26-619E-4B32-A59D-0A1A56EEDADC}.Release|Any CPU.Build.0 = Release|ARM
		{8D310E26-619E-4B32-A59D-0A1A56EEDADC}.Release|ARM.ActiveCfg = Release|ARM
		{8D310E26-619E-4B32-A59D-0A1A56EEDADC}.Release|ARM.Build.0 = Release|ARM
		{8D310E26-619E-4B32-A59D-0A1A56EEDADC}.Release|Mixed Platforms.ActiveCfg = Release|x86
		{8D310E26-619E-4B32-A59D-0A1A56EEDADC}.Release|Mixed Platforms.Build.0 = Release|x86
		{8D310E26-619E-4B32-A59D-0A1A56EEDADC}.Release|x64.ActiveCfg = Release|x64
		{8D310E26-619E-4B32-A59D-0A1A56EEDADC}.Release|x64.Build.0 = Release|x64
		{8D310E26-619E-4B32-A59D-0A1A56EEDADC}.Release|x86.ActiveCfg = Release|x86
		{8D310E26-619E-4B32-A59D-0A1A56EEDADC}.Release|x86.Build.0 = Release|x86
		{8D310E26-619E-4B32-A59D-0A1A56EEDADC}.TestRelease|Any CPU.ActiveCfg = TestRelease|Any CPU
		{8D310E26-619E-4B32-A59D-0A1A56EEDADC}.TestRelease|Any CPU.Build.0 = TestRelease|Any CPU
		{8D310E26-619E-4B32-A59D-0A1A56EEDADC}.TestRelease|ARM.ActiveCfg = TestRelease|ARM
		{8D310E26-619E-4B32-A59D-0A1A56EEDADC}.TestRelease|ARM.Build.0 = TestRelease|ARM
		{8D310E26-619E-4B32-A59D-0A1A56EEDADC}.TestRelease|Mixed Platforms.ActiveCfg = TestRelease|x86
		{8D310E26-619E-4B32-A59D-0A1A56EEDADC}.TestRelease|Mixed Platforms.Build.0 = TestRelease|x86
		{8D310E26-619E-4B32-A59D-0A1A56EEDADC}.TestRelease|x64.ActiveCfg = TestRelease|x64
		{8D310E26-619E-4B32-A59D-0A1A56EEDADC}.TestRelease|x64.Build.0 = TestRelease|x64
		{8D310E26-619E-4B32-A59D-0A1A56EEDADC}.TestRelease|x86.ActiveCfg = TestRelease|x86
		{8D310E26-619E-4B32-A59D-0A1A56EEDADC}.TestRelease|x86.Build.0 = TestRelease|x86
		{11DE446E-95E7-45D6-805F-28BD7AC00DD7}.Debug|Any CPU.ActiveCfg = Debug|ARM
		{11DE446E-95E7-45D6-805F-28BD7AC00DD7}.Debug|Any CPU.Build.0 = Debug|ARM
		{11DE446E-95E7-45D6-805F-28BD7AC00DD7}.Debug|ARM.ActiveCfg = Debug|ARM
		{11DE446E-95E7-45D6-805F-28BD7AC00DD7}.Debug|ARM.Build.0 = Debug|ARM
		{11DE446E-95E7-45D6-805F-28BD7AC00DD7}.Debug|Mixed Platforms.ActiveCfg = Debug|x86
		{11DE446E-95E7-45D6-805F-28BD7AC00DD7}.Debug|Mixed Platforms.Build.0 = Debug|x86
		{11DE446E-95E7-45D6-805F-28BD7AC00DD7}.Debug|x64.ActiveCfg = Debug|x64
		{11DE446E-95E7-45D6-805F-28BD7AC00DD7}.Debug|x64.Build.0 = Debug|x64
		{11DE446E-95E7-45D6-805F-28BD7AC00DD7}.Debug|x86.ActiveCfg = Debug|x86
		{11DE446E-95E7-45D6-805F-28BD7AC00DD7}.Debug|x86.Build.0 = Debug|x86
		{11DE446E-95E7-45D6-805F-28BD7AC00DD7}.Release|Any CPU.ActiveCfg = Release|ARM
		{11DE446E-95E7-45D6-805F-28BD7AC00DD7}.Release|Any CPU.Build.0 = Release|ARM
		{11DE446E-95E7-45D6-805F-28BD7AC00DD7}.Release|ARM.ActiveCfg = Release|ARM
		{11DE446E-95E7-45D6-805F-28BD7AC00DD7}.Release|ARM.Build.0 = Release|ARM
		{11DE446E-95E7-45D6-805F-28BD7AC00DD7}.Release|Mixed Platforms.ActiveCfg = Release|x86
		{11DE446E-95E7-45D6-805F-28BD7AC00DD7}.Release|Mixed Platforms.Build.0 = Release|x86
		{11DE446E-95E7-45D6-805F-28BD7AC00DD7}.Release|x64.ActiveCfg = Release|x64
		{11DE446E-95E7-45D6-805F-28BD7AC00DD7}.Release|x64.Build.0 = Release|x64
		{11DE446E-95E7-45D6-805F-28BD7AC00DD7}.Release|x86.ActiveCfg = Release|x86
		{11DE446E-95E7-45D6-805F-28BD7AC00DD7}.Release|x86.Build.0 = Release|x86
		{11DE446E-95E7-45D6-805F-28BD7AC00DD7}.TestRelease|Any CPU.ActiveCfg = TestRelease|Any CPU
		{11DE446E-95E7-45D6-805F-28BD7AC00DD7}.TestRelease|Any CPU.Build.0 = TestRelease|Any CPU
		{11DE446E-95E7-45D6-805F-28BD7AC00DD7}.TestRelease|ARM.ActiveCfg = TestRelease|ARM
		{11DE446E-95E7-45D6-805F-28BD7AC00DD7}.TestRelease|ARM.Build.0 = TestRelease|ARM
		{11DE446E-95E7-45D6-805F-28BD7AC00DD7}.TestRelease|Mixed Platforms.ActiveCfg = TestRelease|x86
		{11DE446E-95E7-45D6-805F-28BD7AC00DD7}.TestRelease|Mixed Platforms.Build.0 = TestRelease|x86
		{11DE446E-95E7-45D6-805F-28BD7AC00DD7}.TestRelease|x64.ActiveCfg = TestRelease|x64
		{11DE446E-95E7-45D6-805F-28BD7AC00DD7}.TestRelease|x64.Build.0 = TestRelease|x64
		{11DE446E-95E7-45D6-805F-28BD7AC00DD7}.TestRelease|x86.ActiveCfg = TestRelease|x86
		{11DE446E-95E7-45D6-805F-28BD7AC00DD7}.TestRelease|x86.Build.0 = TestRelease|x86
		{284DB2A0-59AE-40D7-8E2C-CEC053957A34}.Debug|Any CPU.ActiveCfg = Debug|Any CPU
		{284DB2A0-59AE-40D7-8E2C-CEC053957A34}.Debug|Any CPU.Build.0 = Debug|Any CPU
		{284DB2A0-59AE-40D7-8E2C-CEC053957A34}.Debug|ARM.ActiveCfg = Debug|Any CPU
		{284DB2A0-59AE-40D7-8E2C-CEC053957A34}.Debug|ARM.Build.0 = Debug|Any CPU
		{284DB2A0-59AE-40D7-8E2C-CEC053957A34}.Debug|Mixed Platforms.ActiveCfg = Debug|Any CPU
		{284DB2A0-59AE-40D7-8E2C-CEC053957A34}.Debug|Mixed Platforms.Build.0 = Debug|Any CPU
		{284DB2A0-59AE-40D7-8E2C-CEC053957A34}.Debug|x64.ActiveCfg = Debug|Any CPU
		{284DB2A0-59AE-40D7-8E2C-CEC053957A34}.Debug|x64.Build.0 = Debug|Any CPU
		{284DB2A0-59AE-40D7-8E2C-CEC053957A34}.Debug|x86.ActiveCfg = Debug|Any CPU
		{284DB2A0-59AE-40D7-8E2C-CEC053957A34}.Debug|x86.Build.0 = Debug|Any CPU
		{284DB2A0-59AE-40D7-8E2C-CEC053957A34}.Release|Any CPU.ActiveCfg = Release|Any CPU
		{284DB2A0-59AE-40D7-8E2C-CEC053957A34}.Release|Any CPU.Build.0 = Release|Any CPU
		{284DB2A0-59AE-40D7-8E2C-CEC053957A34}.Release|ARM.ActiveCfg = Release|Any CPU
		{284DB2A0-59AE-40D7-8E2C-CEC053957A34}.Release|ARM.Build.0 = Release|Any CPU
		{284DB2A0-59AE-40D7-8E2C-CEC053957A34}.Release|Mixed Platforms.ActiveCfg = Release|Any CPU
		{284DB2A0-59AE-40D7-8E2C-CEC053957A34}.Release|Mixed Platforms.Build.0 = Release|Any CPU
		{284DB2A0-59AE-40D7-8E2C-CEC053957A34}.Release|x64.ActiveCfg = Release|Any CPU
		{284DB2A0-59AE-40D7-8E2C-CEC053957A34}.Release|x64.Build.0 = Release|Any CPU
		{284DB2A0-59AE-40D7-8E2C-CEC053957A34}.Release|x86.ActiveCfg = Release|Any CPU
		{284DB2A0-59AE-40D7-8E2C-CEC053957A34}.Release|x86.Build.0 = Release|Any CPU
		{284DB2A0-59AE-40D7-8E2C-CEC053957A34}.TestRelease|Any CPU.ActiveCfg = TestRelease|Any CPU
		{284DB2A0-59AE-40D7-8E2C-CEC053957A34}.TestRelease|Any CPU.Build.0 = TestRelease|Any CPU
		{284DB2A0-59AE-40D7-8E2C-CEC053957A34}.TestRelease|ARM.ActiveCfg = TestRelease|Any CPU
		{284DB2A0-59AE-40D7-8E2C-CEC053957A34}.TestRelease|ARM.Build.0 = TestRelease|Any CPU
		{284DB2A0-59AE-40D7-8E2C-CEC053957A34}.TestRelease|Mixed Platforms.ActiveCfg = TestRelease|Any CPU
		{284DB2A0-59AE-40D7-8E2C-CEC053957A34}.TestRelease|Mixed Platforms.Build.0 = TestRelease|Any CPU
		{284DB2A0-59AE-40D7-8E2C-CEC053957A34}.TestRelease|x64.ActiveCfg = TestRelease|Any CPU
		{284DB2A0-59AE-40D7-8E2C-CEC053957A34}.TestRelease|x86.ActiveCfg = TestRelease|Any CPU
		{3CE40842-E229-4ADE-BB9A-A539453ADDAD}.Debug|Any CPU.ActiveCfg = Debug|Any CPU
		{3CE40842-E229-4ADE-BB9A-A539453ADDAD}.Debug|Any CPU.Build.0 = Debug|Any CPU
		{3CE40842-E229-4ADE-BB9A-A539453ADDAD}.Debug|ARM.ActiveCfg = Debug|Any CPU
		{3CE40842-E229-4ADE-BB9A-A539453ADDAD}.Debug|ARM.Build.0 = Debug|Any CPU
		{3CE40842-E229-4ADE-BB9A-A539453ADDAD}.Debug|Mixed Platforms.ActiveCfg = Debug|Any CPU
		{3CE40842-E229-4ADE-BB9A-A539453ADDAD}.Debug|Mixed Platforms.Build.0 = Debug|Any CPU
		{3CE40842-E229-4ADE-BB9A-A539453ADDAD}.Debug|x64.ActiveCfg = Debug|Any CPU
		{3CE40842-E229-4ADE-BB9A-A539453ADDAD}.Debug|x86.ActiveCfg = Debug|Any CPU
		{3CE40842-E229-4ADE-BB9A-A539453ADDAD}.Debug|x86.Build.0 = Debug|Any CPU
		{3CE40842-E229-4ADE-BB9A-A539453ADDAD}.Release|Any CPU.ActiveCfg = Release|Any CPU
		{3CE40842-E229-4ADE-BB9A-A539453ADDAD}.Release|Any CPU.Build.0 = Release|Any CPU
		{3CE40842-E229-4ADE-BB9A-A539453ADDAD}.Release|ARM.ActiveCfg = Release|Any CPU
		{3CE40842-E229-4ADE-BB9A-A539453ADDAD}.Release|Mixed Platforms.ActiveCfg = Release|Any CPU
		{3CE40842-E229-4ADE-BB9A-A539453ADDAD}.Release|Mixed Platforms.Build.0 = Release|Any CPU
		{3CE40842-E229-4ADE-BB9A-A539453ADDAD}.Release|x64.ActiveCfg = Release|Any CPU
		{3CE40842-E229-4ADE-BB9A-A539453ADDAD}.Release|x86.ActiveCfg = Release|Any CPU
		{3CE40842-E229-4ADE-BB9A-A539453ADDAD}.TestRelease|Any CPU.ActiveCfg = TestRelease|Any CPU
		{3CE40842-E229-4ADE-BB9A-A539453ADDAD}.TestRelease|ARM.ActiveCfg = Debug|Any CPU
		{3CE40842-E229-4ADE-BB9A-A539453ADDAD}.TestRelease|ARM.Build.0 = Debug|Any CPU
		{3CE40842-E229-4ADE-BB9A-A539453ADDAD}.TestRelease|Mixed Platforms.ActiveCfg = TestRelease|Any CPU
		{3CE40842-E229-4ADE-BB9A-A539453ADDAD}.TestRelease|Mixed Platforms.Build.0 = TestRelease|Any CPU
		{3CE40842-E229-4ADE-BB9A-A539453ADDAD}.TestRelease|x64.ActiveCfg = TestRelease|Any CPU
		{3CE40842-E229-4ADE-BB9A-A539453ADDAD}.TestRelease|x86.ActiveCfg = Debug|Any CPU
		{F5C92500-D225-4473-B169-4C0749FE2A90}.Debug|Any CPU.ActiveCfg = Debug|Any CPU
		{F5C92500-D225-4473-B169-4C0749FE2A90}.Debug|ARM.ActiveCfg = Debug|Any CPU
		{F5C92500-D225-4473-B169-4C0749FE2A90}.Debug|Mixed Platforms.ActiveCfg = Debug|Any CPU
		{F5C92500-D225-4473-B169-4C0749FE2A90}.Debug|Mixed Platforms.Build.0 = Debug|Any CPU
		{F5C92500-D225-4473-B169-4C0749FE2A90}.Debug|x64.ActiveCfg = Debug|Any CPU
		{F5C92500-D225-4473-B169-4C0749FE2A90}.Debug|x64.Build.0 = Debug|Any CPU
		{F5C92500-D225-4473-B169-4C0749FE2A90}.Debug|x86.ActiveCfg = Debug|Any CPU
		{F5C92500-D225-4473-B169-4C0749FE2A90}.Release|Any CPU.ActiveCfg = Release|Any CPU
		{F5C92500-D225-4473-B169-4C0749FE2A90}.Release|Any CPU.Build.0 = Release|Any CPU
		{F5C92500-D225-4473-B169-4C0749FE2A90}.Release|ARM.ActiveCfg = Release|Any CPU
		{F5C92500-D225-4473-B169-4C0749FE2A90}.Release|ARM.Build.0 = Release|Any CPU
		{F5C92500-D225-4473-B169-4C0749FE2A90}.Release|Mixed Platforms.ActiveCfg = Release|Any CPU
		{F5C92500-D225-4473-B169-4C0749FE2A90}.Release|Mixed Platforms.Build.0 = Release|Any CPU
		{F5C92500-D225-4473-B169-4C0749FE2A90}.Release|x64.ActiveCfg = Release|Any CPU
		{F5C92500-D225-4473-B169-4C0749FE2A90}.Release|x64.Build.0 = Release|Any CPU
		{F5C92500-D225-4473-B169-4C0749FE2A90}.Release|x86.ActiveCfg = Release|Any CPU
		{F5C92500-D225-4473-B169-4C0749FE2A90}.Release|x86.Build.0 = Release|Any CPU
		{F5C92500-D225-4473-B169-4C0749FE2A90}.TestRelease|Any CPU.ActiveCfg = TestRelease|Any CPU
		{F5C92500-D225-4473-B169-4C0749FE2A90}.TestRelease|Any CPU.Build.0 = TestRelease|Any CPU
		{F5C92500-D225-4473-B169-4C0749FE2A90}.TestRelease|ARM.ActiveCfg = TestRelease|Any CPU
		{F5C92500-D225-4473-B169-4C0749FE2A90}.TestRelease|Mixed Platforms.ActiveCfg = TestRelease|Any CPU
		{F5C92500-D225-4473-B169-4C0749FE2A90}.TestRelease|Mixed Platforms.Build.0 = TestRelease|Any CPU
		{F5C92500-D225-4473-B169-4C0749FE2A90}.TestRelease|x64.ActiveCfg = TestRelease|Any CPU
		{F5C92500-D225-4473-B169-4C0749FE2A90}.TestRelease|x86.ActiveCfg = TestRelease|Any CPU
		{E44ED153-F352-4576-85EA-D484651A2CCC}.Debug|Any CPU.ActiveCfg = Debug|Any CPU
		{E44ED153-F352-4576-85EA-D484651A2CCC}.Debug|ARM.ActiveCfg = Debug|Any CPU
		{E44ED153-F352-4576-85EA-D484651A2CCC}.Debug|ARM.Build.0 = Debug|Any CPU
		{E44ED153-F352-4576-85EA-D484651A2CCC}.Debug|Mixed Platforms.ActiveCfg = Debug|Any CPU
		{E44ED153-F352-4576-85EA-D484651A2CCC}.Debug|Mixed Platforms.Build.0 = Debug|Any CPU
		{E44ED153-F352-4576-85EA-D484651A2CCC}.Debug|x64.ActiveCfg = Debug|Any CPU
		{E44ED153-F352-4576-85EA-D484651A2CCC}.Debug|x64.Build.0 = Debug|Any CPU
		{E44ED153-F352-4576-85EA-D484651A2CCC}.Debug|x86.ActiveCfg = Debug|Any CPU
		{E44ED153-F352-4576-85EA-D484651A2CCC}.Release|Any CPU.ActiveCfg = Release|Any CPU
		{E44ED153-F352-4576-85EA-D484651A2CCC}.Release|Any CPU.Build.0 = Release|Any CPU
		{E44ED153-F352-4576-85EA-D484651A2CCC}.Release|ARM.ActiveCfg = Release|Any CPU
		{E44ED153-F352-4576-85EA-D484651A2CCC}.Release|ARM.Build.0 = Release|Any CPU
		{E44ED153-F352-4576-85EA-D484651A2CCC}.Release|Mixed Platforms.ActiveCfg = Release|Any CPU
		{E44ED153-F352-4576-85EA-D484651A2CCC}.Release|Mixed Platforms.Build.0 = Release|Any CPU
		{E44ED153-F352-4576-85EA-D484651A2CCC}.Release|x64.ActiveCfg = Release|Any CPU
		{E44ED153-F352-4576-85EA-D484651A2CCC}.Release|x64.Build.0 = Release|Any CPU
		{E44ED153-F352-4576-85EA-D484651A2CCC}.Release|x86.ActiveCfg = Release|Any CPU
		{E44ED153-F352-4576-85EA-D484651A2CCC}.Release|x86.Build.0 = Release|Any CPU
		{E44ED153-F352-4576-85EA-D484651A2CCC}.TestRelease|Any CPU.ActiveCfg = TestRelease|Any CPU
		{E44ED153-F352-4576-85EA-D484651A2CCC}.TestRelease|Any CPU.Build.0 = TestRelease|Any CPU
		{E44ED153-F352-4576-85EA-D484651A2CCC}.TestRelease|ARM.ActiveCfg = TestRelease|Any CPU
		{E44ED153-F352-4576-85EA-D484651A2CCC}.TestRelease|Mixed Platforms.ActiveCfg = TestRelease|Any CPU
		{E44ED153-F352-4576-85EA-D484651A2CCC}.TestRelease|Mixed Platforms.Build.0 = TestRelease|Any CPU
		{E44ED153-F352-4576-85EA-D484651A2CCC}.TestRelease|x64.ActiveCfg = TestRelease|Any CPU
		{E44ED153-F352-4576-85EA-D484651A2CCC}.TestRelease|x86.ActiveCfg = TestRelease|Any CPU
		{4121980C-B6F9-43EE-895F-FF6552574784}.Debug|Any CPU.ActiveCfg = Debug|Any CPU
		{4121980C-B6F9-43EE-895F-FF6552574784}.Debug|Any CPU.Build.0 = Debug|Any CPU
		{4121980C-B6F9-43EE-895F-FF6552574784}.Debug|ARM.ActiveCfg = Debug|Any CPU
		{4121980C-B6F9-43EE-895F-FF6552574784}.Debug|Mixed Platforms.ActiveCfg = Debug|Any CPU
		{4121980C-B6F9-43EE-895F-FF6552574784}.Debug|Mixed Platforms.Build.0 = Debug|Any CPU
		{4121980C-B6F9-43EE-895F-FF6552574784}.Debug|x64.ActiveCfg = Debug|Any CPU
		{4121980C-B6F9-43EE-895F-FF6552574784}.Debug|x64.Build.0 = Debug|Any CPU
		{4121980C-B6F9-43EE-895F-FF6552574784}.Debug|x86.ActiveCfg = Debug|Any CPU
		{4121980C-B6F9-43EE-895F-FF6552574784}.Release|Any CPU.ActiveCfg = Release|Any CPU
		{4121980C-B6F9-43EE-895F-FF6552574784}.Release|Any CPU.Build.0 = Release|Any CPU
		{4121980C-B6F9-43EE-895F-FF6552574784}.Release|ARM.ActiveCfg = Release|Any CPU
		{4121980C-B6F9-43EE-895F-FF6552574784}.Release|ARM.Build.0 = Release|Any CPU
		{4121980C-B6F9-43EE-895F-FF6552574784}.Release|Mixed Platforms.ActiveCfg = Release|Any CPU
		{4121980C-B6F9-43EE-895F-FF6552574784}.Release|Mixed Platforms.Build.0 = Release|Any CPU
		{4121980C-B6F9-43EE-895F-FF6552574784}.Release|x64.ActiveCfg = Release|Any CPU
		{4121980C-B6F9-43EE-895F-FF6552574784}.Release|x64.Build.0 = Release|Any CPU
		{4121980C-B6F9-43EE-895F-FF6552574784}.Release|x86.ActiveCfg = Release|Any CPU
		{4121980C-B6F9-43EE-895F-FF6552574784}.Release|x86.Build.0 = Release|Any CPU
		{4121980C-B6F9-43EE-895F-FF6552574784}.TestRelease|Any CPU.ActiveCfg = TestRelease|Any CPU
		{4121980C-B6F9-43EE-895F-FF6552574784}.TestRelease|Any CPU.Build.0 = TestRelease|Any CPU
		{4121980C-B6F9-43EE-895F-FF6552574784}.TestRelease|ARM.ActiveCfg = TestRelease|Any CPU
		{4121980C-B6F9-43EE-895F-FF6552574784}.TestRelease|Mixed Platforms.ActiveCfg = TestRelease|Any CPU
		{4121980C-B6F9-43EE-895F-FF6552574784}.TestRelease|Mixed Platforms.Build.0 = TestRelease|Any CPU
		{4121980C-B6F9-43EE-895F-FF6552574784}.TestRelease|x64.ActiveCfg = TestRelease|Any CPU
		{4121980C-B6F9-43EE-895F-FF6552574784}.TestRelease|x86.ActiveCfg = TestRelease|Any CPU
		{BFA0A45E-35CC-4EBF-A597-51C9BD9B383E}.Debug|Any CPU.ActiveCfg = Debug|Any CPU
		{BFA0A45E-35CC-4EBF-A597-51C9BD9B383E}.Debug|Any CPU.Build.0 = Debug|Any CPU
		{BFA0A45E-35CC-4EBF-A597-51C9BD9B383E}.Debug|ARM.ActiveCfg = Debug|Any CPU
		{BFA0A45E-35CC-4EBF-A597-51C9BD9B383E}.Debug|ARM.Build.0 = Debug|Any CPU
		{BFA0A45E-35CC-4EBF-A597-51C9BD9B383E}.Debug|Mixed Platforms.ActiveCfg = Debug|Any CPU
		{BFA0A45E-35CC-4EBF-A597-51C9BD9B383E}.Debug|Mixed Platforms.Build.0 = Debug|Any CPU
		{BFA0A45E-35CC-4EBF-A597-51C9BD9B383E}.Debug|x64.ActiveCfg = Debug|Any CPU
		{BFA0A45E-35CC-4EBF-A597-51C9BD9B383E}.Debug|x86.ActiveCfg = Debug|Any CPU
		{BFA0A45E-35CC-4EBF-A597-51C9BD9B383E}.Debug|x86.Build.0 = Debug|Any CPU
		{BFA0A45E-35CC-4EBF-A597-51C9BD9B383E}.Release|Any CPU.ActiveCfg = Release|Any CPU
		{BFA0A45E-35CC-4EBF-A597-51C9BD9B383E}.Release|Any CPU.Build.0 = Release|Any CPU
		{BFA0A45E-35CC-4EBF-A597-51C9BD9B383E}.Release|ARM.ActiveCfg = Release|Any CPU
		{BFA0A45E-35CC-4EBF-A597-51C9BD9B383E}.Release|Mixed Platforms.ActiveCfg = Release|Any CPU
		{BFA0A45E-35CC-4EBF-A597-51C9BD9B383E}.Release|Mixed Platforms.Build.0 = Release|Any CPU
		{BFA0A45E-35CC-4EBF-A597-51C9BD9B383E}.Release|x64.ActiveCfg = Release|Any CPU
		{BFA0A45E-35CC-4EBF-A597-51C9BD9B383E}.Release|x86.ActiveCfg = Release|Any CPU
		{BFA0A45E-35CC-4EBF-A597-51C9BD9B383E}.TestRelease|Any CPU.ActiveCfg = Release|Any CPU
		{BFA0A45E-35CC-4EBF-A597-51C9BD9B383E}.TestRelease|Any CPU.Build.0 = Release|Any CPU
		{BFA0A45E-35CC-4EBF-A597-51C9BD9B383E}.TestRelease|ARM.ActiveCfg = Debug|Any CPU
		{BFA0A45E-35CC-4EBF-A597-51C9BD9B383E}.TestRelease|ARM.Build.0 = Debug|Any CPU
		{BFA0A45E-35CC-4EBF-A597-51C9BD9B383E}.TestRelease|Mixed Platforms.ActiveCfg = Release|Any CPU
		{BFA0A45E-35CC-4EBF-A597-51C9BD9B383E}.TestRelease|Mixed Platforms.Build.0 = Release|Any CPU
		{BFA0A45E-35CC-4EBF-A597-51C9BD9B383E}.TestRelease|x64.ActiveCfg = Release|Any CPU
		{BFA0A45E-35CC-4EBF-A597-51C9BD9B383E}.TestRelease|x86.ActiveCfg = Debug|Any CPU
	EndGlobalSection
	GlobalSection(SolutionProperties) = preSolution
		HideSolutionNode = FALSE
	EndGlobalSection
	GlobalSection(NestedProjects) = preSolution
		{08FDEA8C-A156-4F7E-8B8A-31228D88B3BC} = {F245F1B4-27BF-42C9-8323-82817732E496}
		{0FC5EB24-64AA-464A-9940-41187CC98FCE} = {F245F1B4-27BF-42C9-8323-82817732E496}
		{17AA4DA9-1669-4248-A18A-A1438B8A791C} = {F245F1B4-27BF-42C9-8323-82817732E496}
		{B9FF8451-9750-4B80-BCF6-8D151B10486B} = {F245F1B4-27BF-42C9-8323-82817732E496}
		{94371C00-FF6C-4807-A314-2B0333D258A9} = {93024201-E145-42C3-9F07-E05DBC9500A1}
		{BA7ACFF7-A9DB-46A4-A6B8-9089128DC102} = {94371C00-FF6C-4807-A314-2B0333D258A9}
		{6F35BE22-0851-42C6-B3DB-5403B829D7AC} = {94371C00-FF6C-4807-A314-2B0333D258A9}
		{D42A6FAA-2C74-4C22-8C44-F9E29E9E3DF4} = {94371C00-FF6C-4807-A314-2B0333D258A9}
		{B2B5054E-5424-4424-87B7-E6177069F242} = {93024201-E145-42C3-9F07-E05DBC9500A1}
		{4E175C30-F72D-4569-BFED-397F3BE68EEF} = {93024201-E145-42C3-9F07-E05DBC9500A1}
		{8D310E26-619E-4B32-A59D-0A1A56EEDADC} = {4E175C30-F72D-4569-BFED-397F3BE68EEF}
		{11DE446E-95E7-45D6-805F-28BD7AC00DD7} = {4E175C30-F72D-4569-BFED-397F3BE68EEF}
		{FCDEB827-1A78-4A0F-B410-F22FA197E9E1} = {4E175C30-F72D-4569-BFED-397F3BE68EEF}
		{284DB2A0-59AE-40D7-8E2C-CEC053957A34} = {93024201-E145-42C3-9F07-E05DBC9500A1}
		{3CE40842-E229-4ADE-BB9A-A539453ADDAD} = {F245F1B4-27BF-42C9-8323-82817732E496}
		{F5C92500-D225-4473-B169-4C0749FE2A90} = {136B0548-2308-4DB4-B557-931032A61C4C}
		{E44ED153-F352-4576-85EA-D484651A2CCC} = {136B0548-2308-4DB4-B557-931032A61C4C}
		{4121980C-B6F9-43EE-895F-FF6552574784} = {136B0548-2308-4DB4-B557-931032A61C4C}
	EndGlobalSection
EndGlobal
