
Microsoft Visual Studio Solution File, Format Version 12.00
# Visual Studio 14
VisualStudioVersion = 14.0.23107.0
MinimumVisualStudioVersion = 10.0.40219.1
Project("{2150E333-8FDC-42A3-9474-1A3956D46DE8}") = "Quickblox_8.1", "Quickblox_8.1", "{F245F1B4-27BF-42C9-8323-82817732E496}"
EndProject
Project("{FAE04EC0-301F-11D3-BF4B-00C04F79EFBC}") = "Quickblox.Sdk", "Quickblox_8.1\Quickblox.Sdk\Quickblox.Sdk.csproj", "{08FDEA8C-A156-4F7E-8B8A-31228D88B3BC}"
EndProject
Project("{FAE04EC0-301F-11D3-BF4B-00C04F79EFBC}") = "Quickblox.Sdk.Test", "Quickblox_8.1\Quickblox.Sdk.Test\Quickblox.Sdk.Test.csproj", "{0FC5EB24-64AA-464A-9940-41187CC98FCE}"
EndProject
Project("{2150E333-8FDC-42A3-9474-1A3956D46DE8}") = "Quickblox.Xamarin", "Quickblox.Xamarin", "{136B0548-2308-4DB4-B557-931032A61C4C}"
EndProject
Project("{FAE04EC0-301F-11D3-BF4B-00C04F79EFBC}") = "Quickblox.Sdk.Xamarin", "Quickblox.Xamarin\Quickblox.Sdk\Quickblox.Sdk.Xamarin.csproj", "{F5C92500-D225-4473-B169-4C0749FE2A90}"
EndProject
Project("{FAE04EC0-301F-11D3-BF4B-00C04F79EFBC}") = "Quickblox.Android.Test", "Quickblox.Xamarin\Quickblox.Android.Test\Quickblox.Android.Test.csproj", "{BEE8FC5D-BA30-4DCC-A62A-8128264D0DA5}"
EndProject
Project("{FAE04EC0-301F-11D3-BF4B-00C04F79EFBC}") = "Sharp.Xmpp", "Quickblox.Xamarin\Sharp.Xmpp-master\Sharp.Xmpp.csproj", "{9EA99E39-8C5C-4F69-9F3F-8E3074C518FA}"
EndProject
Project("{FAE04EC0-301F-11D3-BF4B-00C04F79EFBC}") = "UbietyXmpp", "Quickblox_8.1\UbietyXmpp\UbietyXmpp.csproj", "{3CE40842-E229-4ADE-BB9A-A539453ADDAD}"
EndProject
Project("{FAE04EC0-301F-11D3-BF4B-00C04F79EFBC}") = "Quickblox.Sdk.WebRTC", "Quickblox.Xamarin\Quickblox.Sdk.WebRTC\Quickblox.Sdk.WebRTC.csproj", "{83B579B2-E522-4F37-A399-0F79F8F47855}"
EndProject
Project("{FAE04EC0-301F-11D3-BF4B-00C04F79EFBC}") = "XamarinCodeTest", "Quickblox.Xamarin\XamarinCodeTest\XamarinCodeTest.csproj", "{85B30F60-49AF-4F47-9019-CFE25B267A88}"
EndProject
Global
	GlobalSection(SolutionConfigurationPlatforms) = preSolution
		Debug|Any CPU = Debug|Any CPU
		Debug|ARM = Debug|ARM
		Debug|Mixed Platforms = Debug|Mixed Platforms
		Debug|x64 = Debug|x64
		Debug|x86 = Debug|x86
		Release|Any CPU = Release|Any CPU
		Release|ARM = Release|ARM
		Release|Mixed Platforms = Release|Mixed Platforms
		Release|x64 = Release|x64
		Release|x86 = Release|x86
		TestRelease|Any CPU = TestRelease|Any CPU
		TestRelease|ARM = TestRelease|ARM
		TestRelease|Mixed Platforms = TestRelease|Mixed Platforms
		TestRelease|x64 = TestRelease|x64
		TestRelease|x86 = TestRelease|x86
	EndGlobalSection
	GlobalSection(ProjectConfigurationPlatforms) = postSolution
		{08FDEA8C-A156-4F7E-8B8A-31228D88B3BC}.Debug|Any CPU.ActiveCfg = Debug|Any CPU
		{08FDEA8C-A156-4F7E-8B8A-31228D88B3BC}.Debug|ARM.ActiveCfg = Debug|Any CPU
		{08FDEA8C-A156-4F7E-8B8A-31228D88B3BC}.Debug|ARM.Build.0 = Debug|Any CPU
		{08FDEA8C-A156-4F7E-8B8A-31228D88B3BC}.Debug|Mixed Platforms.ActiveCfg = Debug|Any CPU
		{08FDEA8C-A156-4F7E-8B8A-31228D88B3BC}.Debug|Mixed Platforms.Build.0 = Debug|Any CPU
		{08FDEA8C-A156-4F7E-8B8A-31228D88B3BC}.Debug|x64.ActiveCfg = Debug|Any CPU
		{08FDEA8C-A156-4F7E-8B8A-31228D88B3BC}.Debug|x64.Build.0 = Debug|Any CPU
		{08FDEA8C-A156-4F7E-8B8A-31228D88B3BC}.Debug|x86.ActiveCfg = Debug|Any CPU
		{08FDEA8C-A156-4F7E-8B8A-31228D88B3BC}.Debug|x86.Build.0 = Debug|Any CPU
		{08FDEA8C-A156-4F7E-8B8A-31228D88B3BC}.Release|Any CPU.ActiveCfg = Release|Any CPU
		{08FDEA8C-A156-4F7E-8B8A-31228D88B3BC}.Release|Any CPU.Build.0 = Release|Any CPU
		{08FDEA8C-A156-4F7E-8B8A-31228D88B3BC}.Release|ARM.ActiveCfg = Release|Any CPU
		{08FDEA8C-A156-4F7E-8B8A-31228D88B3BC}.Release|ARM.Build.0 = Release|Any CPU
		{08FDEA8C-A156-4F7E-8B8A-31228D88B3BC}.Release|Mixed Platforms.ActiveCfg = Release|Any CPU
		{08FDEA8C-A156-4F7E-8B8A-31228D88B3BC}.Release|Mixed Platforms.Build.0 = Release|Any CPU
		{08FDEA8C-A156-4F7E-8B8A-31228D88B3BC}.Release|x64.ActiveCfg = Release|Any CPU
		{08FDEA8C-A156-4F7E-8B8A-31228D88B3BC}.Release|x64.Build.0 = Release|Any CPU
		{08FDEA8C-A156-4F7E-8B8A-31228D88B3BC}.Release|x86.ActiveCfg = Release|Any CPU
		{08FDEA8C-A156-4F7E-8B8A-31228D88B3BC}.Release|x86.Build.0 = Release|Any CPU
		{08FDEA8C-A156-4F7E-8B8A-31228D88B3BC}.TestRelease|Any CPU.ActiveCfg = TestRelease|Any CPU
		{08FDEA8C-A156-4F7E-8B8A-31228D88B3BC}.TestRelease|Any CPU.Build.0 = TestRelease|Any CPU
		{08FDEA8C-A156-4F7E-8B8A-31228D88B3BC}.TestRelease|ARM.ActiveCfg = TestRelease|Any CPU
		{08FDEA8C-A156-4F7E-8B8A-31228D88B3BC}.TestRelease|ARM.Build.0 = TestRelease|Any CPU
		{08FDEA8C-A156-4F7E-8B8A-31228D88B3BC}.TestRelease|Mixed Platforms.ActiveCfg = TestRelease|Any CPU
		{08FDEA8C-A156-4F7E-8B8A-31228D88B3BC}.TestRelease|Mixed Platforms.Build.0 = TestRelease|Any CPU
		{08FDEA8C-A156-4F7E-8B8A-31228D88B3BC}.TestRelease|x64.ActiveCfg = TestRelease|Any CPU
		{08FDEA8C-A156-4F7E-8B8A-31228D88B3BC}.TestRelease|x86.ActiveCfg = TestRelease|Any CPU
		{08FDEA8C-A156-4F7E-8B8A-31228D88B3BC}.TestRelease|x86.Build.0 = TestRelease|Any CPU
		{0FC5EB24-64AA-464A-9940-41187CC98FCE}.Debug|Any CPU.ActiveCfg = Debug|Any CPU
		{0FC5EB24-64AA-464A-9940-41187CC98FCE}.Debug|ARM.ActiveCfg = Debug|ARM
		{0FC5EB24-64AA-464A-9940-41187CC98FCE}.Debug|ARM.Deploy.0 = Debug|ARM
		{0FC5EB24-64AA-464A-9940-41187CC98FCE}.Debug|Mixed Platforms.ActiveCfg = Debug|x86
		{0FC5EB24-64AA-464A-9940-41187CC98FCE}.Debug|Mixed Platforms.Build.0 = Debug|x86
		{0FC5EB24-64AA-464A-9940-41187CC98FCE}.Debug|Mixed Platforms.Deploy.0 = Debug|x86
		{0FC5EB24-64AA-464A-9940-41187CC98FCE}.Debug|x64.ActiveCfg = Debug|x64
		{0FC5EB24-64AA-464A-9940-41187CC98FCE}.Debug|x64.Build.0 = Debug|x64
		{0FC5EB24-64AA-464A-9940-41187CC98FCE}.Debug|x64.Deploy.0 = Debug|x64
		{0FC5EB24-64AA-464A-9940-41187CC98FCE}.Debug|x86.ActiveCfg = Debug|x86
		{0FC5EB24-64AA-464A-9940-41187CC98FCE}.Debug|x86.Deploy.0 = Debug|x86
		{0FC5EB24-64AA-464A-9940-41187CC98FCE}.Release|Any CPU.ActiveCfg = Release|Any CPU
		{0FC5EB24-64AA-464A-9940-41187CC98FCE}.Release|ARM.ActiveCfg = Release|ARM
		{0FC5EB24-64AA-464A-9940-41187CC98FCE}.Release|ARM.Deploy.0 = Release|ARM
		{0FC5EB24-64AA-464A-9940-41187CC98FCE}.Release|Mixed Platforms.ActiveCfg = Release|x86
		{0FC5EB24-64AA-464A-9940-41187CC98FCE}.Release|Mixed Platforms.Build.0 = Release|x86
		{0FC5EB24-64AA-464A-9940-41187CC98FCE}.Release|Mixed Platforms.Deploy.0 = Release|x86
		{0FC5EB24-64AA-464A-9940-41187CC98FCE}.Release|x64.ActiveCfg = Release|x64
		{0FC5EB24-64AA-464A-9940-41187CC98FCE}.Release|x64.Build.0 = Release|x64
		{0FC5EB24-64AA-464A-9940-41187CC98FCE}.Release|x64.Deploy.0 = Release|x64
		{0FC5EB24-64AA-464A-9940-41187CC98FCE}.Release|x86.ActiveCfg = Release|x86
		{0FC5EB24-64AA-464A-9940-41187CC98FCE}.Release|x86.Build.0 = Release|x86
		{0FC5EB24-64AA-464A-9940-41187CC98FCE}.Release|x86.Deploy.0 = Release|x86
		{0FC5EB24-64AA-464A-9940-41187CC98FCE}.TestRelease|Any CPU.ActiveCfg = TestRelease|Any CPU
		{0FC5EB24-64AA-464A-9940-41187CC98FCE}.TestRelease|Any CPU.Build.0 = TestRelease|Any CPU
		{0FC5EB24-64AA-464A-9940-41187CC98FCE}.TestRelease|Any CPU.Deploy.0 = TestRelease|Any CPU
		{0FC5EB24-64AA-464A-9940-41187CC98FCE}.TestRelease|ARM.ActiveCfg = TestRelease|ARM
		{0FC5EB24-64AA-464A-9940-41187CC98FCE}.TestRelease|ARM.Build.0 = TestRelease|ARM
		{0FC5EB24-64AA-464A-9940-41187CC98FCE}.TestRelease|ARM.Deploy.0 = TestRelease|ARM
		{0FC5EB24-64AA-464A-9940-41187CC98FCE}.TestRelease|Mixed Platforms.ActiveCfg = TestRelease|x86
		{0FC5EB24-64AA-464A-9940-41187CC98FCE}.TestRelease|Mixed Platforms.Build.0 = TestRelease|x86
		{0FC5EB24-64AA-464A-9940-41187CC98FCE}.TestRelease|Mixed Platforms.Deploy.0 = TestRelease|x86
		{0FC5EB24-64AA-464A-9940-41187CC98FCE}.TestRelease|x64.ActiveCfg = TestRelease|x64
		{0FC5EB24-64AA-464A-9940-41187CC98FCE}.TestRelease|x64.Build.0 = TestRelease|x64
		{0FC5EB24-64AA-464A-9940-41187CC98FCE}.TestRelease|x64.Deploy.0 = TestRelease|x64
		{0FC5EB24-64AA-464A-9940-41187CC98FCE}.TestRelease|x86.ActiveCfg = TestRelease|x86
		{0FC5EB24-64AA-464A-9940-41187CC98FCE}.TestRelease|x86.Build.0 = TestRelease|x86
		{0FC5EB24-64AA-464A-9940-41187CC98FCE}.TestRelease|x86.Deploy.0 = TestRelease|x86
		{F5C92500-D225-4473-B169-4C0749FE2A90}.Debug|Any CPU.ActiveCfg = Debug|Any CPU
		{F5C92500-D225-4473-B169-4C0749FE2A90}.Debug|Any CPU.Build.0 = Debug|Any CPU
		{F5C92500-D225-4473-B169-4C0749FE2A90}.Debug|ARM.ActiveCfg = Debug|Any CPU
		{F5C92500-D225-4473-B169-4C0749FE2A90}.Debug|Mixed Platforms.ActiveCfg = Debug|Any CPU
		{F5C92500-D225-4473-B169-4C0749FE2A90}.Debug|Mixed Platforms.Build.0 = Debug|Any CPU
		{F5C92500-D225-4473-B169-4C0749FE2A90}.Debug|x64.ActiveCfg = Debug|Any CPU
		{F5C92500-D225-4473-B169-4C0749FE2A90}.Debug|x64.Build.0 = Debug|Any CPU
		{F5C92500-D225-4473-B169-4C0749FE2A90}.Debug|x86.ActiveCfg = Debug|Any CPU
		{F5C92500-D225-4473-B169-4C0749FE2A90}.Release|Any CPU.ActiveCfg = Release|Any CPU
		{F5C92500-D225-4473-B169-4C0749FE2A90}.Release|ARM.ActiveCfg = Release|Any CPU
		{F5C92500-D225-4473-B169-4C0749FE2A90}.Release|Mixed Platforms.ActiveCfg = Release|Any CPU
		{F5C92500-D225-4473-B169-4C0749FE2A90}.Release|Mixed Platforms.Build.0 = Release|Any CPU
		{F5C92500-D225-4473-B169-4C0749FE2A90}.Release|x64.ActiveCfg = Release|Any CPU
		{F5C92500-D225-4473-B169-4C0749FE2A90}.Release|x64.Build.0 = Release|Any CPU
		{F5C92500-D225-4473-B169-4C0749FE2A90}.Release|x86.ActiveCfg = Release|Any CPU
		{F5C92500-D225-4473-B169-4C0749FE2A90}.Release|x86.Build.0 = Release|Any CPU
		{F5C92500-D225-4473-B169-4C0749FE2A90}.TestRelease|Any CPU.ActiveCfg = TestRelease|Any CPU
		{F5C92500-D225-4473-B169-4C0749FE2A90}.TestRelease|Any CPU.Build.0 = TestRelease|Any CPU
		{F5C92500-D225-4473-B169-4C0749FE2A90}.TestRelease|ARM.ActiveCfg = TestRelease|Any CPU
		{F5C92500-D225-4473-B169-4C0749FE2A90}.TestRelease|Mixed Platforms.ActiveCfg = TestRelease|Any CPU
		{F5C92500-D225-4473-B169-4C0749FE2A90}.TestRelease|Mixed Platforms.Build.0 = TestRelease|Any CPU
		{F5C92500-D225-4473-B169-4C0749FE2A90}.TestRelease|x64.ActiveCfg = TestRelease|Any CPU
		{F5C92500-D225-4473-B169-4C0749FE2A90}.TestRelease|x86.ActiveCfg = TestRelease|Any CPU
		{BEE8FC5D-BA30-4DCC-A62A-8128264D0DA5}.Debug|Any CPU.ActiveCfg = Debug|Any CPU
		{BEE8FC5D-BA30-4DCC-A62A-8128264D0DA5}.Debug|Any CPU.Build.0 = Debug|Any CPU
		{BEE8FC5D-BA30-4DCC-A62A-8128264D0DA5}.Debug|Any CPU.Deploy.0 = Debug|Any CPU
		{BEE8FC5D-BA30-4DCC-A62A-8128264D0DA5}.Debug|ARM.ActiveCfg = Debug|Any CPU
		{BEE8FC5D-BA30-4DCC-A62A-8128264D0DA5}.Debug|ARM.Build.0 = Debug|Any CPU
		{BEE8FC5D-BA30-4DCC-A62A-8128264D0DA5}.Debug|ARM.Deploy.0 = Debug|Any CPU
		{BEE8FC5D-BA30-4DCC-A62A-8128264D0DA5}.Debug|Mixed Platforms.ActiveCfg = Debug|Any CPU
		{BEE8FC5D-BA30-4DCC-A62A-8128264D0DA5}.Debug|Mixed Platforms.Build.0 = Debug|Any CPU
		{BEE8FC5D-BA30-4DCC-A62A-8128264D0DA5}.Debug|Mixed Platforms.Deploy.0 = Debug|Any CPU
		{BEE8FC5D-BA30-4DCC-A62A-8128264D0DA5}.Debug|x64.ActiveCfg = Debug|Any CPU
		{BEE8FC5D-BA30-4DCC-A62A-8128264D0DA5}.Debug|x64.Build.0 = Debug|Any CPU
		{BEE8FC5D-BA30-4DCC-A62A-8128264D0DA5}.Debug|x64.Deploy.0 = Debug|Any CPU
		{BEE8FC5D-BA30-4DCC-A62A-8128264D0DA5}.Debug|x86.ActiveCfg = Debug|Any CPU
		{BEE8FC5D-BA30-4DCC-A62A-8128264D0DA5}.Debug|x86.Build.0 = Debug|Any CPU
		{BEE8FC5D-BA30-4DCC-A62A-8128264D0DA5}.Debug|x86.Deploy.0 = Debug|Any CPU
		{BEE8FC5D-BA30-4DCC-A62A-8128264D0DA5}.Release|Any CPU.ActiveCfg = Release|Any CPU
		{BEE8FC5D-BA30-4DCC-A62A-8128264D0DA5}.Release|Any CPU.Build.0 = Release|Any CPU
		{BEE8FC5D-BA30-4DCC-A62A-8128264D0DA5}.Release|Any CPU.Deploy.0 = Release|Any CPU
		{BEE8FC5D-BA30-4DCC-A62A-8128264D0DA5}.Release|ARM.ActiveCfg = Release|Any CPU
		{BEE8FC5D-BA30-4DCC-A62A-8128264D0DA5}.Release|ARM.Build.0 = Release|Any CPU
		{BEE8FC5D-BA30-4DCC-A62A-8128264D0DA5}.Release|ARM.Deploy.0 = Release|Any CPU
		{BEE8FC5D-BA30-4DCC-A62A-8128264D0DA5}.Release|Mixed Platforms.ActiveCfg = Release|Any CPU
		{BEE8FC5D-BA30-4DCC-A62A-8128264D0DA5}.Release|Mixed Platforms.Build.0 = Release|Any CPU
		{BEE8FC5D-BA30-4DCC-A62A-8128264D0DA5}.Release|Mixed Platforms.Deploy.0 = Release|Any CPU
		{BEE8FC5D-BA30-4DCC-A62A-8128264D0DA5}.Release|x64.ActiveCfg = Release|Any CPU
		{BEE8FC5D-BA30-4DCC-A62A-8128264D0DA5}.Release|x64.Build.0 = Release|Any CPU
		{BEE8FC5D-BA30-4DCC-A62A-8128264D0DA5}.Release|x64.Deploy.0 = Release|Any CPU
		{BEE8FC5D-BA30-4DCC-A62A-8128264D0DA5}.Release|x86.ActiveCfg = Release|Any CPU
		{BEE8FC5D-BA30-4DCC-A62A-8128264D0DA5}.Release|x86.Build.0 = Release|Any CPU
		{BEE8FC5D-BA30-4DCC-A62A-8128264D0DA5}.Release|x86.Deploy.0 = Release|Any CPU
		{BEE8FC5D-BA30-4DCC-A62A-8128264D0DA5}.TestRelease|Any CPU.ActiveCfg = Release|Any CPU
		{BEE8FC5D-BA30-4DCC-A62A-8128264D0DA5}.TestRelease|Any CPU.Build.0 = Release|Any CPU
		{BEE8FC5D-BA30-4DCC-A62A-8128264D0DA5}.TestRelease|Any CPU.Deploy.0 = Release|Any CPU
		{BEE8FC5D-BA30-4DCC-A62A-8128264D0DA5}.TestRelease|ARM.ActiveCfg = Release|Any CPU
		{BEE8FC5D-BA30-4DCC-A62A-8128264D0DA5}.TestRelease|ARM.Build.0 = Release|Any CPU
		{BEE8FC5D-BA30-4DCC-A62A-8128264D0DA5}.TestRelease|ARM.Deploy.0 = Release|Any CPU
		{BEE8FC5D-BA30-4DCC-A62A-8128264D0DA5}.TestRelease|Mixed Platforms.ActiveCfg = Release|Any CPU
		{BEE8FC5D-BA30-4DCC-A62A-8128264D0DA5}.TestRelease|Mixed Platforms.Build.0 = Release|Any CPU
		{BEE8FC5D-BA30-4DCC-A62A-8128264D0DA5}.TestRelease|Mixed Platforms.Deploy.0 = Release|Any CPU
		{BEE8FC5D-BA30-4DCC-A62A-8128264D0DA5}.TestRelease|x64.ActiveCfg = Release|Any CPU
		{BEE8FC5D-BA30-4DCC-A62A-8128264D0DA5}.TestRelease|x64.Build.0 = Release|Any CPU
		{BEE8FC5D-BA30-4DCC-A62A-8128264D0DA5}.TestRelease|x64.Deploy.0 = Release|Any CPU
		{BEE8FC5D-BA30-4DCC-A62A-8128264D0DA5}.TestRelease|x86.ActiveCfg = Release|Any CPU
		{BEE8FC5D-BA30-4DCC-A62A-8128264D0DA5}.TestRelease|x86.Build.0 = Release|Any CPU
		{BEE8FC5D-BA30-4DCC-A62A-8128264D0DA5}.TestRelease|x86.Deploy.0 = Release|Any CPU
		{9EA99E39-8C5C-4F69-9F3F-8E3074C518FA}.Debug|Any CPU.ActiveCfg = Debug|Any CPU
		{9EA99E39-8C5C-4F69-9F3F-8E3074C518FA}.Debug|Any CPU.Build.0 = Debug|Any CPU
		{9EA99E39-8C5C-4F69-9F3F-8E3074C518FA}.Debug|ARM.ActiveCfg = Debug|Any CPU
		{9EA99E39-8C5C-4F69-9F3F-8E3074C518FA}.Debug|Mixed Platforms.ActiveCfg = Debug|x86
		{9EA99E39-8C5C-4F69-9F3F-8E3074C518FA}.Debug|Mixed Platforms.Build.0 = Debug|x86
		{9EA99E39-8C5C-4F69-9F3F-8E3074C518FA}.Debug|x64.ActiveCfg = Debug|Any CPU
		{9EA99E39-8C5C-4F69-9F3F-8E3074C518FA}.Debug|x64.Build.0 = Debug|Any CPU
		{9EA99E39-8C5C-4F69-9F3F-8E3074C518FA}.Debug|x86.ActiveCfg = Debug|x86
		{9EA99E39-8C5C-4F69-9F3F-8E3074C518FA}.Release|Any CPU.ActiveCfg = Release|Any CPU
		{9EA99E39-8C5C-4F69-9F3F-8E3074C518FA}.Release|Any CPU.Build.0 = Release|Any CPU
		{9EA99E39-8C5C-4F69-9F3F-8E3074C518FA}.Release|ARM.ActiveCfg = Release|Any CPU
		{9EA99E39-8C5C-4F69-9F3F-8E3074C518FA}.Release|Mixed Platforms.ActiveCfg = Release|x86
		{9EA99E39-8C5C-4F69-9F3F-8E3074C518FA}.Release|Mixed Platforms.Build.0 = Release|x86
		{9EA99E39-8C5C-4F69-9F3F-8E3074C518FA}.Release|x64.ActiveCfg = Release|Any CPU
		{9EA99E39-8C5C-4F69-9F3F-8E3074C518FA}.Release|x64.Build.0 = Release|Any CPU
		{9EA99E39-8C5C-4F69-9F3F-8E3074C518FA}.Release|x86.ActiveCfg = Release|x86
		{9EA99E39-8C5C-4F69-9F3F-8E3074C518FA}.Release|x86.Build.0 = Release|x86
		{9EA99E39-8C5C-4F69-9F3F-8E3074C518FA}.TestRelease|Any CPU.ActiveCfg = Release|Any CPU
		{9EA99E39-8C5C-4F69-9F3F-8E3074C518FA}.TestRelease|Any CPU.Build.0 = Release|Any CPU
		{9EA99E39-8C5C-4F69-9F3F-8E3074C518FA}.TestRelease|ARM.ActiveCfg = Release|Any CPU
		{9EA99E39-8C5C-4F69-9F3F-8E3074C518FA}.TestRelease|Mixed Platforms.ActiveCfg = Release|x86
		{9EA99E39-8C5C-4F69-9F3F-8E3074C518FA}.TestRelease|Mixed Platforms.Build.0 = Release|x86
		{9EA99E39-8C5C-4F69-9F3F-8E3074C518FA}.TestRelease|x64.ActiveCfg = Release|Any CPU
		{9EA99E39-8C5C-4F69-9F3F-8E3074C518FA}.TestRelease|x64.Build.0 = Release|Any CPU
		{9EA99E39-8C5C-4F69-9F3F-8E3074C518FA}.TestRelease|x86.ActiveCfg = Release|x86
		{3CE40842-E229-4ADE-BB9A-A539453ADDAD}.Debug|Any CPU.ActiveCfg = Debug|Any CPU
		{3CE40842-E229-4ADE-BB9A-A539453ADDAD}.Debug|ARM.ActiveCfg = Debug|Any CPU
		{3CE40842-E229-4ADE-BB9A-A539453ADDAD}.Debug|ARM.Build.0 = Debug|Any CPU
		{3CE40842-E229-4ADE-BB9A-A539453ADDAD}.Debug|Mixed Platforms.ActiveCfg = Debug|Any CPU
		{3CE40842-E229-4ADE-BB9A-A539453ADDAD}.Debug|Mixed Platforms.Build.0 = Debug|Any CPU
		{3CE40842-E229-4ADE-BB9A-A539453ADDAD}.Debug|x64.ActiveCfg = Debug|Any CPU
		{3CE40842-E229-4ADE-BB9A-A539453ADDAD}.Debug|x86.ActiveCfg = Debug|Any CPU
		{3CE40842-E229-4ADE-BB9A-A539453ADDAD}.Debug|x86.Build.0 = Debug|Any CPU
		{3CE40842-E229-4ADE-BB9A-A539453ADDAD}.Release|Any CPU.ActiveCfg = Release|Any CPU
		{3CE40842-E229-4ADE-BB9A-A539453ADDAD}.Release|Any CPU.Build.0 = Release|Any CPU
		{3CE40842-E229-4ADE-BB9A-A539453ADDAD}.Release|ARM.ActiveCfg = Release|Any CPU
		{3CE40842-E229-4ADE-BB9A-A539453ADDAD}.Release|ARM.Build.0 = Release|Any CPU
		{3CE40842-E229-4ADE-BB9A-A539453ADDAD}.Release|Mixed Platforms.ActiveCfg = Release|Any CPU
		{3CE40842-E229-4ADE-BB9A-A539453ADDAD}.Release|Mixed Platforms.Build.0 = Release|Any CPU
		{3CE40842-E229-4ADE-BB9A-A539453ADDAD}.Release|x64.ActiveCfg = Release|Any CPU
		{3CE40842-E229-4ADE-BB9A-A539453ADDAD}.Release|x86.ActiveCfg = Release|Any CPU
		{3CE40842-E229-4ADE-BB9A-A539453ADDAD}.TestRelease|Any CPU.ActiveCfg = TestRelease|Any CPU
		{3CE40842-E229-4ADE-BB9A-A539453ADDAD}.TestRelease|Any CPU.Build.0 = TestRelease|Any CPU
		{3CE40842-E229-4ADE-BB9A-A539453ADDAD}.TestRelease|ARM.ActiveCfg = Debug|Any CPU
		{3CE40842-E229-4ADE-BB9A-A539453ADDAD}.TestRelease|ARM.Build.0 = Debug|Any CPU
		{3CE40842-E229-4ADE-BB9A-A539453ADDAD}.TestRelease|Mixed Platforms.ActiveCfg = TestRelease|Any CPU
		{3CE40842-E229-4ADE-BB9A-A539453ADDAD}.TestRelease|Mixed Platforms.Build.0 = TestRelease|Any CPU
		{3CE40842-E229-4ADE-BB9A-A539453ADDAD}.TestRelease|x64.ActiveCfg = TestRelease|Any CPU
		{3CE40842-E229-4ADE-BB9A-A539453ADDAD}.TestRelease|x86.ActiveCfg = TestRelease|Any CPU
		{3CE40842-E229-4ADE-BB9A-A539453ADDAD}.TestRelease|x86.Build.0 = TestRelease|Any CPU
		{83B579B2-E522-4F37-A399-0F79F8F47855}.Debug|Any CPU.ActiveCfg = Debug|Any CPU
		{83B579B2-E522-4F37-A399-0F79F8F47855}.Debug|Any CPU.Build.0 = Debug|Any CPU
		{83B579B2-E522-4F37-A399-0F79F8F47855}.Debug|ARM.ActiveCfg = Debug|Any CPU
		{83B579B2-E522-4F37-A399-0F79F8F47855}.Debug|Mixed Platforms.ActiveCfg = Debug|Any CPU
		{83B579B2-E522-4F37-A399-0F79F8F47855}.Debug|Mixed Platforms.Build.0 = Debug|Any CPU
		{83B579B2-E522-4F37-A399-0F79F8F47855}.Debug|x64.ActiveCfg = Debug|Any CPU
		{83B579B2-E522-4F37-A399-0F79F8F47855}.Debug|x64.Build.0 = Debug|Any CPU
		{83B579B2-E522-4F37-A399-0F79F8F47855}.Debug|x86.ActiveCfg = Debug|Any CPU
		{83B579B2-E522-4F37-A399-0F79F8F47855}.Release|Any CPU.ActiveCfg = Release|Any CPU
		{83B579B2-E522-4F37-A399-0F79F8F47855}.Release|Any CPU.Build.0 = Release|Any CPU
		{83B579B2-E522-4F37-A399-0F79F8F47855}.Release|ARM.ActiveCfg = Release|Any CPU
		{83B579B2-E522-4F37-A399-0F79F8F47855}.Release|Mixed Platforms.ActiveCfg = Release|Any CPU
		{83B579B2-E522-4F37-A399-0F79F8F47855}.Release|Mixed Platforms.Build.0 = Release|Any CPU
		{83B579B2-E522-4F37-A399-0F79F8F47855}.Release|x64.ActiveCfg = Release|Any CPU
		{83B579B2-E522-4F37-A399-0F79F8F47855}.Release|x64.Build.0 = Release|Any CPU
		{83B579B2-E522-4F37-A399-0F79F8F47855}.Release|x86.ActiveCfg = Release|Any CPU
		{83B579B2-E522-4F37-A399-0F79F8F47855}.Release|x86.Build.0 = Release|Any CPU
		{83B579B2-E522-4F37-A399-0F79F8F47855}.TestRelease|Any CPU.ActiveCfg = Release|Any CPU
		{83B579B2-E522-4F37-A399-0F79F8F47855}.TestRelease|Any CPU.Build.0 = Release|Any CPU
		{83B579B2-E522-4F37-A399-0F79F8F47855}.TestRelease|ARM.ActiveCfg = Release|Any CPU
		{83B579B2-E522-4F37-A399-0F79F8F47855}.TestRelease|ARM.Build.0 = Release|Any CPU
		{83B579B2-E522-4F37-A399-0F79F8F47855}.TestRelease|Mixed Platforms.ActiveCfg = Release|Any CPU
		{83B579B2-E522-4F37-A399-0F79F8F47855}.TestRelease|Mixed Platforms.Build.0 = Release|Any CPU
		{83B579B2-E522-4F37-A399-0F79F8F47855}.TestRelease|x64.ActiveCfg = Release|Any CPU
		{83B579B2-E522-4F37-A399-0F79F8F47855}.TestRelease|x64.Build.0 = Release|Any CPU
		{83B579B2-E522-4F37-A399-0F79F8F47855}.TestRelease|x86.ActiveCfg = Release|Any CPU
		{83B579B2-E522-4F37-A399-0F79F8F47855}.TestRelease|x86.Build.0 = Release|Any CPU
		{85B30F60-49AF-4F47-9019-CFE25B267A88}.Debug|Any CPU.ActiveCfg = Debug|Any CPU
		{85B30F60-49AF-4F47-9019-CFE25B267A88}.Debug|Any CPU.Build.0 = Debug|Any CPU
		{85B30F60-49AF-4F47-9019-CFE25B267A88}.Debug|ARM.ActiveCfg = Debug|Any CPU
		{85B30F60-49AF-4F47-9019-CFE25B267A88}.Debug|ARM.Build.0 = Debug|Any CPU
		{85B30F60-49AF-4F47-9019-CFE25B267A88}.Debug|Mixed Platforms.ActiveCfg = Debug|Any CPU
		{85B30F60-49AF-4F47-9019-CFE25B267A88}.Debug|Mixed Platforms.Build.0 = Debug|Any CPU
		{85B30F60-49AF-4F47-9019-CFE25B267A88}.Debug|x64.ActiveCfg = Debug|Any CPU
		{85B30F60-49AF-4F47-9019-CFE25B267A88}.Debug|x64.Build.0 = Debug|Any CPU
		{85B30F60-49AF-4F47-9019-CFE25B267A88}.Debug|x86.ActiveCfg = Debug|Any CPU
		{85B30F60-49AF-4F47-9019-CFE25B267A88}.Release|Any CPU.ActiveCfg = Release|Any CPU
		{85B30F60-49AF-4F47-9019-CFE25B267A88}.Release|Any CPU.Build.0 = Release|Any CPU
		{85B30F60-49AF-4F47-9019-CFE25B267A88}.Release|ARM.ActiveCfg = Release|Any CPU
		{85B30F60-49AF-4F47-9019-CFE25B267A88}.Release|Mixed Platforms.ActiveCfg = Release|Any CPU
		{85B30F60-49AF-4F47-9019-CFE25B267A88}.Release|Mixed Platforms.Build.0 = Release|Any CPU
		{85B30F60-49AF-4F47-9019-CFE25B267A88}.Release|x64.ActiveCfg = Release|Any CPU
		{85B30F60-49AF-4F47-9019-CFE25B267A88}.Release|x64.Build.0 = Release|Any CPU
		{85B30F60-49AF-4F47-9019-CFE25B267A88}.Release|x86.ActiveCfg = Release|Any CPU
		{85B30F60-49AF-4F47-9019-CFE25B267A88}.Release|x86.Build.0 = Release|Any CPU
		{85B30F60-49AF-4F47-9019-CFE25B267A88}.TestRelease|Any CPU.ActiveCfg = Release|Any CPU
		{85B30F60-49AF-4F47-9019-CFE25B267A88}.TestRelease|Any CPU.Build.0 = Release|Any CPU
		{85B30F60-49AF-4F47-9019-CFE25B267A88}.TestRelease|ARM.ActiveCfg = Release|Any CPU
		{85B30F60-49AF-4F47-9019-CFE25B267A88}.TestRelease|ARM.Build.0 = Release|Any CPU
		{85B30F60-49AF-4F47-9019-CFE25B267A88}.TestRelease|Mixed Platforms.ActiveCfg = Release|Any CPU
		{85B30F60-49AF-4F47-9019-CFE25B267A88}.TestRelease|Mixed Platforms.Build.0 = Release|Any CPU
		{85B30F60-49AF-4F47-9019-CFE25B267A88}.TestRelease|x64.ActiveCfg = Release|Any CPU
		{85B30F60-49AF-4F47-9019-CFE25B267A88}.TestRelease|x64.Build.0 = Release|Any CPU
		{85B30F60-49AF-4F47-9019-CFE25B267A88}.TestRelease|x86.ActiveCfg = Release|Any CPU
		{85B30F60-49AF-4F47-9019-CFE25B267A88}.TestRelease|x86.Build.0 = Release|Any CPU
	EndGlobalSection
	GlobalSection(SolutionProperties) = preSolution
		HideSolutionNode = FALSE
	EndGlobalSection
	GlobalSection(NestedProjects) = preSolution
		{08FDEA8C-A156-4F7E-8B8A-31228D88B3BC} = {F245F1B4-27BF-42C9-8323-82817732E496}
		{0FC5EB24-64AA-464A-9940-41187CC98FCE} = {F245F1B4-27BF-42C9-8323-82817732E496}
		{F5C92500-D225-4473-B169-4C0749FE2A90} = {136B0548-2308-4DB4-B557-931032A61C4C}
		{BEE8FC5D-BA30-4DCC-A62A-8128264D0DA5} = {136B0548-2308-4DB4-B557-931032A61C4C}
		{9EA99E39-8C5C-4F69-9F3F-8E3074C518FA} = {136B0548-2308-4DB4-B557-931032A61C4C}
		{3CE40842-E229-4ADE-BB9A-A539453ADDAD} = {F245F1B4-27BF-42C9-8323-82817732E496}
		{83B579B2-E522-4F37-A399-0F79F8F47855} = {136B0548-2308-4DB4-B557-931032A61C4C}
		{85B30F60-49AF-4F47-9019-CFE25B267A88} = {136B0548-2308-4DB4-B557-931032A61C4C}
	EndGlobalSection
EndGlobal
